// !$*UTF8*$!
{
	archiveVersion = 1;
	classes = {
	};
	objectVersion = 55;
	objects = {

/* Begin PBXBuildFile section */
		0C02202E2973476800F5D030 /* AppleAuthorizationVC.swift in Sources */ = {isa = PBXBuildFile; fileRef = 0C02202D2973476800F5D030 /* AppleAuthorizationVC.swift */; };
		0C0220302973484600F5D030 /* AuthWithAppleButton.swift in Sources */ = {isa = PBXBuildFile; fileRef = 0C02202F2973484600F5D030 /* AuthWithAppleButton.swift */; };
		0C02F0D3293E109D0033ED65 /* IncomeView.swift in Sources */ = {isa = PBXBuildFile; fileRef = 0C02F0D2293E109D0033ED65 /* IncomeView.swift */; };
		0C4343BA2963687D00B511E8 /* ExpenseViewModel.swift in Sources */ = {isa = PBXBuildFile; fileRef = 0C4343B92963687D00B511E8 /* ExpenseViewModel.swift */; };
		0C4343BC296418D300B511E8 /* Date+Extension.swift in Sources */ = {isa = PBXBuildFile; fileRef = 0C4343BB296418D300B511E8 /* Date+Extension.swift */; };
		0C4343BE2964195A00B511E8 /* SpendingsCalendarViewModel.swift in Sources */ = {isa = PBXBuildFile; fileRef = 0C4343BD2964195A00B511E8 /* SpendingsCalendarViewModel.swift */; };
		0C44A0FA29910A020068DB27 /* GoogleSignIn in Frameworks */ = {isa = PBXBuildFile; productRef = 0C44A0F929910A020068DB27 /* GoogleSignIn */; };
		0C44A0FC29910A020068DB27 /* GoogleSignInSwift in Frameworks */ = {isa = PBXBuildFile; productRef = 0C44A0FB29910A020068DB27 /* GoogleSignInSwift */; };
		0C4C60CC297EA30E00D040DC /* MainScreenViewModel.swift in Sources */ = {isa = PBXBuildFile; fileRef = 0C4C60CB297EA30E00D040DC /* MainScreenViewModel.swift */; };
		0C4C60CF297F0FFB00D040DC /* UserFirModel.swift in Sources */ = {isa = PBXBuildFile; fileRef = 0C4C60CE297F0FFB00D040DC /* UserFirModel.swift */; };
		0C4C60D1297F114F00D040DC /* TaskFirModel.swift in Sources */ = {isa = PBXBuildFile; fileRef = 0C4C60D0297F114F00D040DC /* TaskFirModel.swift */; };
		0C62D5D12944F295006EA95F /* AddCashSourceView.swift in Sources */ = {isa = PBXBuildFile; fileRef = 0C62D5D02944F295006EA95F /* AddCashSourceView.swift */; };
		0C67F3B4293C961D002384D4 /* FirebaseUserManager.swift in Sources */ = {isa = PBXBuildFile; fileRef = 0C67F3B3293C961D002384D4 /* FirebaseUserManager.swift */; };
		0C6A1B1729488943006E7C13 /* CircleTextView.swift in Sources */ = {isa = PBXBuildFile; fileRef = 0C6A1B1629488943006E7C13 /* CircleTextView.swift */; };
		0C6A1B1929488B37006E7C13 /* AddIconsView.swift in Sources */ = {isa = PBXBuildFile; fileRef = 0C6A1B1829488B37006E7C13 /* AddIconsView.swift */; };
		0C6A1B1C29489F13006E7C13 /* UIApplication+Extension.swift in Sources */ = {isa = PBXBuildFile; fileRef = 0C6A1B1B29489F13006E7C13 /* UIApplication+Extension.swift */; };
		0C8E2027291A40EE00F6932B /* UserModel.swift in Sources */ = {isa = PBXBuildFile; fileRef = 0C8E2026291A40EE00F6932B /* UserModel.swift */; };
		0C967744298FBD2E00220018 /* Collection+Extension.swift in Sources */ = {isa = PBXBuildFile; fileRef = 0C967743298FBD2E00220018 /* Collection+Extension.swift */; };
		0C967746298FBE8C00220018 /* Encodable+Extension.swift in Sources */ = {isa = PBXBuildFile; fileRef = 0C967745298FBE8C00220018 /* Encodable+Extension.swift */; };
		0C979294294E1833000D80A2 /* AddPurchaseCategoryView.swift in Sources */ = {isa = PBXBuildFile; fileRef = 0C979293294E1833000D80A2 /* AddPurchaseCategoryView.swift */; };
		0C979297294E3774000D80A2 /* PurchaseCategoryDetailView.swift in Sources */ = {isa = PBXBuildFile; fileRef = 0C979296294E3774000D80A2 /* PurchaseCategoryDetailView.swift */; };
		0CA0037F2972C00A00E9DF89 /* AuthView.swift in Sources */ = {isa = PBXBuildFile; fileRef = 0CA0037E2972C00A00E9DF89 /* AuthView.swift */; };
		0CA003822972CE1A00E9DF89 /* View+Extension.swift in Sources */ = {isa = PBXBuildFile; fileRef = 0CA003812972CE1A00E9DF89 /* View+Extension.swift */; };
		0CB5F8AE29803A500000FF17 /* TabBarViewModel.swift in Sources */ = {isa = PBXBuildFile; fileRef = 0CB5F8AD29803A500000FF17 /* TabBarViewModel.swift */; };
		0CC4DC3E297BD575008D38EE /* GoogleService-Info.plist in Resources */ = {isa = PBXBuildFile; fileRef = 0CC4DC3D297BD575008D38EE /* GoogleService-Info.plist */; };
		0CC4DC41297BD6BB008D38EE /* FirebaseAnalytics in Frameworks */ = {isa = PBXBuildFile; productRef = 0CC4DC40297BD6BB008D38EE /* FirebaseAnalytics */; };
		0CC4DC43297BD6BB008D38EE /* FirebaseAnalyticsSwift in Frameworks */ = {isa = PBXBuildFile; productRef = 0CC4DC42297BD6BB008D38EE /* FirebaseAnalyticsSwift */; };
		0CC4DC45297BD6BB008D38EE /* FirebaseAuth in Frameworks */ = {isa = PBXBuildFile; productRef = 0CC4DC44297BD6BB008D38EE /* FirebaseAuth */; };
		0CC4DC47297BD6BB008D38EE /* FirebaseDatabase in Frameworks */ = {isa = PBXBuildFile; productRef = 0CC4DC46297BD6BB008D38EE /* FirebaseDatabase */; };
		0CC4DC49297BD6BB008D38EE /* FirebaseDatabaseSwift in Frameworks */ = {isa = PBXBuildFile; productRef = 0CC4DC48297BD6BB008D38EE /* FirebaseDatabaseSwift */; };
		0CC4DC4B297BD6BB008D38EE /* FirebaseFirestore in Frameworks */ = {isa = PBXBuildFile; productRef = 0CC4DC4A297BD6BB008D38EE /* FirebaseFirestore */; };
		0CC4DC4D297BD6BB008D38EE /* FirebaseFirestoreSwift in Frameworks */ = {isa = PBXBuildFile; productRef = 0CC4DC4C297BD6BB008D38EE /* FirebaseFirestoreSwift */; };
		0CC4DC4F297BD6BB008D38EE /* FirebaseStorage in Frameworks */ = {isa = PBXBuildFile; productRef = 0CC4DC4E297BD6BB008D38EE /* FirebaseStorage */; };
		0CE7527A294F08880092651C /* AddGoalsView.swift in Sources */ = {isa = PBXBuildFile; fileRef = 0CE75279294F08880092651C /* AddGoalsView.swift */; };
		0CE7527C294F08980092651C /* DetailGoalView.swift in Sources */ = {isa = PBXBuildFile; fileRef = 0CE7527B294F08980092651C /* DetailGoalView.swift */; };
		0CE7527F294F08B90092651C /* AddDebtView.swift in Sources */ = {isa = PBXBuildFile; fileRef = 0CE7527E294F08B90092651C /* AddDebtView.swift */; };
		0CE75281294F08CC0092651C /* DetailDebtView.swift in Sources */ = {isa = PBXBuildFile; fileRef = 0CE75280294F08CC0092651C /* DetailDebtView.swift */; };
		66130992295DD73300275F16 /* AdaptivePagingScrollView.swift in Sources */ = {isa = PBXBuildFile; fileRef = 66130991295DD73300275F16 /* AdaptivePagingScrollView.swift */; };
		66130995295F2D1300275F16 /* CashSourcesData.swift in Sources */ = {isa = PBXBuildFile; fileRef = 66130994295F2D1300275F16 /* CashSourcesData.swift */; };
		66130997295F579700275F16 /* CashSourceView.swift in Sources */ = {isa = PBXBuildFile; fileRef = 66130996295F579700275F16 /* CashSourceView.swift */; };
		66548D4F2972C057003D2AA0 /* RegistrationView.swift in Sources */ = {isa = PBXBuildFile; fileRef = 66548D4E2972C057003D2AA0 /* RegistrationView.swift */; };
		66548D512972C077003D2AA0 /* RegistrationViewModel.swift in Sources */ = {isa = PBXBuildFile; fileRef = 66548D502972C077003D2AA0 /* RegistrationViewModel.swift */; };
		66548D532972CA58003D2AA0 /* RegistrationTFState.swift in Sources */ = {isa = PBXBuildFile; fileRef = 66548D522972CA58003D2AA0 /* RegistrationTFState.swift */; };
		66548D552972CAF7003D2AA0 /* String+Extension.swift in Sources */ = {isa = PBXBuildFile; fileRef = 66548D542972CAF7003D2AA0 /* String+Extension.swift */; };
		66548D572972CD0B003D2AA0 /* AuthTextfieldModifier.swift in Sources */ = {isa = PBXBuildFile; fileRef = 66548D562972CD0B003D2AA0 /* AuthTextfieldModifier.swift */; };
		66548D592972DEE1003D2AA0 /* TextField+Extension.swift in Sources */ = {isa = PBXBuildFile; fileRef = 66548D582972DEE1003D2AA0 /* TextField+Extension.swift */; };
		66548D5D29731779003D2AA0 /* LoginView.swift in Sources */ = {isa = PBXBuildFile; fileRef = 66548D5C29731779003D2AA0 /* LoginView.swift */; };
		66548D5F2973178C003D2AA0 /* LoginViewModel.swift in Sources */ = {isa = PBXBuildFile; fileRef = 66548D5E2973178C003D2AA0 /* LoginViewModel.swift */; };
		665A99B9294F4FD500C4F364 /* Lato-Medium.ttf in Resources */ = {isa = PBXBuildFile; fileRef = 665A99B4294F4FD500C4F364 /* Lato-Medium.ttf */; };
		665A99BA294F4FD500C4F364 /* Lato-Regular.ttf in Resources */ = {isa = PBXBuildFile; fileRef = 665A99B5294F4FD500C4F364 /* Lato-Regular.ttf */; };
		665A99BB294F4FD500C4F364 /* Lato-Semibold.ttf in Resources */ = {isa = PBXBuildFile; fileRef = 665A99B6294F4FD500C4F364 /* Lato-Semibold.ttf */; };
		665A99BC294F4FD500C4F364 /* Lato-ExtraBold.ttf in Resources */ = {isa = PBXBuildFile; fileRef = 665A99B7294F4FD500C4F364 /* Lato-ExtraBold.ttf */; };
		665A99BD294F4FD500C4F364 /* Lato-Bold.ttf in Resources */ = {isa = PBXBuildFile; fileRef = 665A99B8294F4FD500C4F364 /* Lato-Bold.ttf */; };
		665A99C3294F4FE400C4F364 /* NotoSans-Regular.ttf in Resources */ = {isa = PBXBuildFile; fileRef = 665A99BE294F4FE300C4F364 /* NotoSans-Regular.ttf */; };
		665A99C4294F4FE400C4F364 /* NotoSans-Bold.ttf in Resources */ = {isa = PBXBuildFile; fileRef = 665A99BF294F4FE300C4F364 /* NotoSans-Bold.ttf */; };
		665A99C5294F4FE400C4F364 /* NotoSans-ExtraBold.ttf in Resources */ = {isa = PBXBuildFile; fileRef = 665A99C0294F4FE300C4F364 /* NotoSans-ExtraBold.ttf */; };
		665A99C6294F4FE400C4F364 /* NotoSansDisplay-Medium.ttf in Resources */ = {isa = PBXBuildFile; fileRef = 665A99C1294F4FE300C4F364 /* NotoSansDisplay-Medium.ttf */; };
		665A99C7294F4FE400C4F364 /* NotoSans-SemiBold.ttf in Resources */ = {isa = PBXBuildFile; fileRef = 665A99C2294F4FE400C4F364 /* NotoSans-SemiBold.ttf */; };
		668969C629659EF70059869C /* LimitCashSourcesView.swift in Sources */ = {isa = PBXBuildFile; fileRef = 668969C529659EF70059869C /* LimitCashSourcesView.swift */; };
		66AA4071295125A5002A2359 /* CalendarView.swift in Sources */ = {isa = PBXBuildFile; fileRef = 66AA4070295125A5002A2359 /* CalendarView.swift */; };
		66AA4073295125CE002A2359 /* SpendingsCalendarView.swift in Sources */ = {isa = PBXBuildFile; fileRef = 66AA4072295125CE002A2359 /* SpendingsCalendarView.swift */; };
		66AA407529512654002A2359 /* Transaction.swift in Sources */ = {isa = PBXBuildFile; fileRef = 66AA407429512654002A2359 /* Transaction.swift */; };
		66AA407729512692002A2359 /* Task.swift in Sources */ = {isa = PBXBuildFile; fileRef = 66AA407629512692002A2359 /* Task.swift */; };
		66AA4079295126F3002A2359 /* DateValue.swift in Sources */ = {isa = PBXBuildFile; fileRef = 66AA4078295126F3002A2359 /* DateValue.swift */; };
		66C1B531297377B4008E1BAE /* ForgotPasswordView.swift in Sources */ = {isa = PBXBuildFile; fileRef = 66C1B530297377B4008E1BAE /* ForgotPasswordView.swift */; };
		66C1B533297377CB008E1BAE /* ForgotPasswordViewModel.swift in Sources */ = {isa = PBXBuildFile; fileRef = 66C1B532297377CB008E1BAE /* ForgotPasswordViewModel.swift */; };
		66C1B53529755255008E1BAE /* Constant.swift in Sources */ = {isa = PBXBuildFile; fileRef = 66C1B53429755255008E1BAE /* Constant.swift */; };
		66C1B53B2975BFE0008E1BAE /* Onboarding.swift in Sources */ = {isa = PBXBuildFile; fileRef = 66C1B53A2975BFE0008E1BAE /* Onboarding.swift */; };
		B41618B428B1361C002629F7 /* MainScreen.swift in Sources */ = {isa = PBXBuildFile; fileRef = B41618B328B1361C002629F7 /* MainScreen.swift */; };
		B41618B628B1379A002629F7 /* ExpensesCircularDiagram.swift in Sources */ = {isa = PBXBuildFile; fileRef = B41618B528B1379A002629F7 /* ExpensesCircularDiagram.swift */; };
		B41618BA28B13962002629F7 /* SavingsGoalsDebtsView.swift in Sources */ = {isa = PBXBuildFile; fileRef = B41618B928B13962002629F7 /* SavingsGoalsDebtsView.swift */; };
		B41618BC28B139A6002629F7 /* Menu.swift in Sources */ = {isa = PBXBuildFile; fileRef = B41618BB28B139A6002629F7 /* Menu.swift */; };
		B419BB6028C0CBB8002F58EC /* PieceOfPie.swift in Sources */ = {isa = PBXBuildFile; fileRef = B419BB5F28C0CBB8002F58EC /* PieceOfPie.swift */; };
		B458555728B1AB660047C81E /* CustomTabView.swift in Sources */ = {isa = PBXBuildFile; fileRef = B458555628B1AB660047C81E /* CustomTabView.swift */; };
		B4A9AA9628B26114001230BF /* Color+Extension.swift in Sources */ = {isa = PBXBuildFile; fileRef = B4A9AA9528B26114001230BF /* Color+Extension.swift */; };
		B4A9AA9928B269D1001230BF /* Modifiers.swift in Sources */ = {isa = PBXBuildFile; fileRef = B4A9AA9828B269D1001230BF /* Modifiers.swift */; };
		B4A9AA9B28B2708C001230BF /* BalanceView.swift in Sources */ = {isa = PBXBuildFile; fileRef = B4A9AA9A28B2708C001230BF /* BalanceView.swift */; };
		B4A9AA9D28B2770A001230BF /* CardsPlace.swift in Sources */ = {isa = PBXBuildFile; fileRef = B4A9AA9C28B2770A001230BF /* CardsPlace.swift */; };
		B4A9AA9F28B27878001230BF /* StatisticsPlace.swift in Sources */ = {isa = PBXBuildFile; fileRef = B4A9AA9E28B27878001230BF /* StatisticsPlace.swift */; };
		B4A9AAA228B27EAB001230BF /* PurchaseCategoriesView.swift in Sources */ = {isa = PBXBuildFile; fileRef = B4A9AAA128B27EAB001230BF /* PurchaseCategoriesView.swift */; };
		B4E94DC328BDD93B0054B16F /* CustomAlert.swift in Sources */ = {isa = PBXBuildFile; fileRef = B4E94DC228BDD93B0054B16F /* CustomAlert.swift */; };
		B4FA432928C88A6600FA19DB /* CustomDatePicker.swift in Sources */ = {isa = PBXBuildFile; fileRef = B4FA432828C88A6600FA19DB /* CustomDatePicker.swift */; };
		FA6C156128C7778F0079AF6B /* CashSource.swift in Sources */ = {isa = PBXBuildFile; fileRef = FA6C156028C7778F0079AF6B /* CashSource.swift */; };
		FA7B94BB28C61AA200772845 /* ExpenseView.swift in Sources */ = {isa = PBXBuildFile; fileRef = FA7B94BA28C61AA200772845 /* ExpenseView.swift */; };
		FA9D14D328BC9D5100EEFA12 /* PurchaseCategory.swift in Sources */ = {isa = PBXBuildFile; fileRef = FA9D14D228BC9D5100EEFA12 /* PurchaseCategory.swift */; };
		FA9D14D528BCCDE600EEFA12 /* PurchaseLocation.swift in Sources */ = {isa = PBXBuildFile; fileRef = FA9D14D428BCCDE600EEFA12 /* PurchaseLocation.swift */; };
		FAB0DF0928C8C5AD006D78B9 /* ImageButton.swift in Sources */ = {isa = PBXBuildFile; fileRef = FAB0DF0828C8C5AD006D78B9 /* ImageButton.swift */; };
		FABB4BBE28B124410070F300 /* SaverApp.swift in Sources */ = {isa = PBXBuildFile; fileRef = FABB4BBD28B124410070F300 /* SaverApp.swift */; };
		FABB4BC028B124410070F300 /* TabBarView.swift in Sources */ = {isa = PBXBuildFile; fileRef = FABB4BBF28B124410070F300 /* TabBarView.swift */; };
		FABB4BC228B124420070F300 /* Assets.xcassets in Resources */ = {isa = PBXBuildFile; fileRef = FABB4BC128B124420070F300 /* Assets.xcassets */; };
		FABB4BC528B124420070F300 /* Preview Assets.xcassets in Resources */ = {isa = PBXBuildFile; fileRef = FABB4BC428B124420070F300 /* Preview Assets.xcassets */; };
		FABB4BC728B124420070F300 /* Persistence.swift in Sources */ = {isa = PBXBuildFile; fileRef = FABB4BC628B124420070F300 /* Persistence.swift */; };
		FABB4BCA28B124420070F300 /* Saver.xcdatamodeld in Sources */ = {isa = PBXBuildFile; fileRef = FABB4BC828B124420070F300 /* Saver.xcdatamodeld */; };
		FC4BE08D2999080E0086D8E5 /* CustomProgresView.swift in Sources */ = {isa = PBXBuildFile; fileRef = FC4BE08C2999080E0086D8E5 /* CustomProgresView.swift */; };
		FC89D6A929955CC6004FB4A1 /* Shape+Extension.swift in Sources */ = {isa = PBXBuildFile; fileRef = FC89D6A829955CC5004FB4A1 /* Shape+Extension.swift */; };
		FC89D6AE29955CED004FB4A1 /* UIResponder+Current.swift in Sources */ = {isa = PBXBuildFile; fileRef = FC89D6AB29955CEC004FB4A1 /* UIResponder+Current.swift */; };
		FC89D6AF29955CED004FB4A1 /* KeyboardHeightPublisher.swift in Sources */ = {isa = PBXBuildFile; fileRef = FC89D6AC29955CEC004FB4A1 /* KeyboardHeightPublisher.swift */; };
		FC89D6B029955CED004FB4A1 /* KeyboardAdaptive.swift in Sources */ = {isa = PBXBuildFile; fileRef = FC89D6AD29955CEC004FB4A1 /* KeyboardAdaptive.swift */; };
		FC89D6B22996B416004FB4A1 /* Templates.swift in Sources */ = {isa = PBXBuildFile; fileRef = FC89D6B12996B416004FB4A1 /* Templates.swift */; };
		FC917231299FEF49007954CE /* CashSourceLocation.swift in Sources */ = {isa = PBXBuildFile; fileRef = FC917230299FEF49007954CE /* CashSourceLocation.swift */; };
		FCA762422997FF380057D966 /* LimitPurchaseCategoryView.swift in Sources */ = {isa = PBXBuildFile; fileRef = FCA762412997FF380057D966 /* LimitPurchaseCategoryView.swift */; };
		FCB4708829A28ADD00B9AABC /* CashSourceTransferView.swift in Sources */ = {isa = PBXBuildFile; fileRef = FCB4708729A28ADC00B9AABC /* CashSourceTransferView.swift */; };
		FCB4708A29A28E9300B9AABC /* CashSourceTransferViewModel.swift in Sources */ = {isa = PBXBuildFile; fileRef = FCB4708929A28E9300B9AABC /* CashSourceTransferViewModel.swift */; };
		FCD4A49E299C47880023BD55 /* ImagePickerView.swift in Sources */ = {isa = PBXBuildFile; fileRef = FCD4A49D299C47880023BD55 /* ImagePickerView.swift */; };
		FCD4A4A0299C48A70023BD55 /* BalanceViewModel.swift in Sources */ = {isa = PBXBuildFile; fileRef = FCD4A49F299C48A70023BD55 /* BalanceViewModel.swift */; };
		FCD4A4A2299C57720023BD55 /* ImageCropper.swift in Sources */ = {isa = PBXBuildFile; fileRef = FCD4A4A1299C57720023BD55 /* ImageCropper.swift */; };
		FCD4A4A5299C58830023BD55 /* CropViewController in Frameworks */ = {isa = PBXBuildFile; productRef = FCD4A4A4299C58830023BD55 /* CropViewController */; };
/* End PBXBuildFile section */

/* Begin PBXFileReference section */
		0C02202D2973476800F5D030 /* AppleAuthorizationVC.swift */ = {isa = PBXFileReference; lastKnownFileType = sourcecode.swift; path = AppleAuthorizationVC.swift; sourceTree = "<group>"; };
		0C02202F2973484600F5D030 /* AuthWithAppleButton.swift */ = {isa = PBXFileReference; lastKnownFileType = sourcecode.swift; path = AuthWithAppleButton.swift; sourceTree = "<group>"; };
		0C02F0D2293E109D0033ED65 /* IncomeView.swift */ = {isa = PBXFileReference; lastKnownFileType = sourcecode.swift; path = IncomeView.swift; sourceTree = "<group>"; };
		0C4343B92963687D00B511E8 /* ExpenseViewModel.swift */ = {isa = PBXFileReference; lastKnownFileType = sourcecode.swift; path = ExpenseViewModel.swift; sourceTree = "<group>"; };
		0C4343BB296418D300B511E8 /* Date+Extension.swift */ = {isa = PBXFileReference; lastKnownFileType = sourcecode.swift; path = "Date+Extension.swift"; sourceTree = "<group>"; };
		0C4343BD2964195A00B511E8 /* SpendingsCalendarViewModel.swift */ = {isa = PBXFileReference; lastKnownFileType = sourcecode.swift; path = SpendingsCalendarViewModel.swift; sourceTree = "<group>"; };
		0C4C60CB297EA30E00D040DC /* MainScreenViewModel.swift */ = {isa = PBXFileReference; lastKnownFileType = sourcecode.swift; path = MainScreenViewModel.swift; sourceTree = "<group>"; };
		0C4C60CE297F0FFB00D040DC /* UserFirModel.swift */ = {isa = PBXFileReference; lastKnownFileType = sourcecode.swift; path = UserFirModel.swift; sourceTree = "<group>"; };
		0C4C60D0297F114F00D040DC /* TaskFirModel.swift */ = {isa = PBXFileReference; lastKnownFileType = sourcecode.swift; path = TaskFirModel.swift; sourceTree = "<group>"; };
		0C62D5D02944F295006EA95F /* AddCashSourceView.swift */ = {isa = PBXFileReference; lastKnownFileType = sourcecode.swift; path = AddCashSourceView.swift; sourceTree = "<group>"; };
		0C67F3B3293C961D002384D4 /* FirebaseUserManager.swift */ = {isa = PBXFileReference; lastKnownFileType = sourcecode.swift; path = FirebaseUserManager.swift; sourceTree = "<group>"; };
		0C6A1B1629488943006E7C13 /* CircleTextView.swift */ = {isa = PBXFileReference; lastKnownFileType = sourcecode.swift; path = CircleTextView.swift; sourceTree = "<group>"; };
		0C6A1B1829488B37006E7C13 /* AddIconsView.swift */ = {isa = PBXFileReference; lastKnownFileType = sourcecode.swift; path = AddIconsView.swift; sourceTree = "<group>"; };
		0C6A1B1B29489F13006E7C13 /* UIApplication+Extension.swift */ = {isa = PBXFileReference; lastKnownFileType = sourcecode.swift; path = "UIApplication+Extension.swift"; sourceTree = "<group>"; };
		0C8E2026291A40EE00F6932B /* UserModel.swift */ = {isa = PBXFileReference; lastKnownFileType = sourcecode.swift; path = UserModel.swift; sourceTree = "<group>"; };
		0C967743298FBD2E00220018 /* Collection+Extension.swift */ = {isa = PBXFileReference; lastKnownFileType = sourcecode.swift; path = "Collection+Extension.swift"; sourceTree = "<group>"; };
		0C967745298FBE8C00220018 /* Encodable+Extension.swift */ = {isa = PBXFileReference; lastKnownFileType = sourcecode.swift; path = "Encodable+Extension.swift"; sourceTree = "<group>"; };
		0C979293294E1833000D80A2 /* AddPurchaseCategoryView.swift */ = {isa = PBXFileReference; lastKnownFileType = sourcecode.swift; path = AddPurchaseCategoryView.swift; sourceTree = "<group>"; };
		0C979296294E3774000D80A2 /* PurchaseCategoryDetailView.swift */ = {isa = PBXFileReference; lastKnownFileType = sourcecode.swift; path = PurchaseCategoryDetailView.swift; sourceTree = "<group>"; };
		0CA0037E2972C00A00E9DF89 /* AuthView.swift */ = {isa = PBXFileReference; lastKnownFileType = sourcecode.swift; path = AuthView.swift; sourceTree = "<group>"; };
		0CA003802972C04D00E9DF89 /* Saver.entitlements */ = {isa = PBXFileReference; lastKnownFileType = text.plist.entitlements; path = Saver.entitlements; sourceTree = "<group>"; };
		0CA003812972CE1A00E9DF89 /* View+Extension.swift */ = {isa = PBXFileReference; lastKnownFileType = sourcecode.swift; path = "View+Extension.swift"; sourceTree = "<group>"; };
		0CB5F8AD29803A500000FF17 /* TabBarViewModel.swift */ = {isa = PBXFileReference; lastKnownFileType = sourcecode.swift; path = TabBarViewModel.swift; sourceTree = "<group>"; };
		0CC4DC3D297BD575008D38EE /* GoogleService-Info.plist */ = {isa = PBXFileReference; fileEncoding = 4; lastKnownFileType = text.plist.xml; path = "GoogleService-Info.plist"; sourceTree = "<group>"; };
		0CE75279294F08880092651C /* AddGoalsView.swift */ = {isa = PBXFileReference; lastKnownFileType = sourcecode.swift; path = AddGoalsView.swift; sourceTree = "<group>"; };
		0CE7527B294F08980092651C /* DetailGoalView.swift */ = {isa = PBXFileReference; lastKnownFileType = sourcecode.swift; path = DetailGoalView.swift; sourceTree = "<group>"; };
		0CE7527E294F08B90092651C /* AddDebtView.swift */ = {isa = PBXFileReference; lastKnownFileType = sourcecode.swift; path = AddDebtView.swift; sourceTree = "<group>"; };
		0CE75280294F08CC0092651C /* DetailDebtView.swift */ = {isa = PBXFileReference; lastKnownFileType = sourcecode.swift; path = DetailDebtView.swift; sourceTree = "<group>"; };
		66130991295DD73300275F16 /* AdaptivePagingScrollView.swift */ = {isa = PBXFileReference; lastKnownFileType = sourcecode.swift; path = AdaptivePagingScrollView.swift; sourceTree = "<group>"; };
		66130994295F2D1300275F16 /* CashSourcesData.swift */ = {isa = PBXFileReference; lastKnownFileType = sourcecode.swift; path = CashSourcesData.swift; sourceTree = "<group>"; };
		66130996295F579700275F16 /* CashSourceView.swift */ = {isa = PBXFileReference; lastKnownFileType = sourcecode.swift; path = CashSourceView.swift; sourceTree = "<group>"; };
		66548D4E2972C057003D2AA0 /* RegistrationView.swift */ = {isa = PBXFileReference; lastKnownFileType = sourcecode.swift; path = RegistrationView.swift; sourceTree = "<group>"; };
		66548D502972C077003D2AA0 /* RegistrationViewModel.swift */ = {isa = PBXFileReference; lastKnownFileType = sourcecode.swift; path = RegistrationViewModel.swift; sourceTree = "<group>"; };
		66548D522972CA58003D2AA0 /* RegistrationTFState.swift */ = {isa = PBXFileReference; lastKnownFileType = sourcecode.swift; path = RegistrationTFState.swift; sourceTree = "<group>"; };
		66548D542972CAF7003D2AA0 /* String+Extension.swift */ = {isa = PBXFileReference; lastKnownFileType = sourcecode.swift; path = "String+Extension.swift"; sourceTree = "<group>"; };
		66548D562972CD0B003D2AA0 /* AuthTextfieldModifier.swift */ = {isa = PBXFileReference; lastKnownFileType = sourcecode.swift; path = AuthTextfieldModifier.swift; sourceTree = "<group>"; };
		66548D582972DEE1003D2AA0 /* TextField+Extension.swift */ = {isa = PBXFileReference; lastKnownFileType = sourcecode.swift; path = "TextField+Extension.swift"; sourceTree = "<group>"; };
		66548D5C29731779003D2AA0 /* LoginView.swift */ = {isa = PBXFileReference; lastKnownFileType = sourcecode.swift; path = LoginView.swift; sourceTree = "<group>"; };
		66548D5E2973178C003D2AA0 /* LoginViewModel.swift */ = {isa = PBXFileReference; lastKnownFileType = sourcecode.swift; path = LoginViewModel.swift; sourceTree = "<group>"; };
		665A99B4294F4FD500C4F364 /* Lato-Medium.ttf */ = {isa = PBXFileReference; lastKnownFileType = file; path = "Lato-Medium.ttf"; sourceTree = "<group>"; };
		665A99B5294F4FD500C4F364 /* Lato-Regular.ttf */ = {isa = PBXFileReference; lastKnownFileType = file; path = "Lato-Regular.ttf"; sourceTree = "<group>"; };
		665A99B6294F4FD500C4F364 /* Lato-Semibold.ttf */ = {isa = PBXFileReference; lastKnownFileType = file; path = "Lato-Semibold.ttf"; sourceTree = "<group>"; };
		665A99B7294F4FD500C4F364 /* Lato-ExtraBold.ttf */ = {isa = PBXFileReference; lastKnownFileType = file; path = "Lato-ExtraBold.ttf"; sourceTree = "<group>"; };
		665A99B8294F4FD500C4F364 /* Lato-Bold.ttf */ = {isa = PBXFileReference; lastKnownFileType = file; path = "Lato-Bold.ttf"; sourceTree = "<group>"; };
		665A99BE294F4FE300C4F364 /* NotoSans-Regular.ttf */ = {isa = PBXFileReference; lastKnownFileType = file; path = "NotoSans-Regular.ttf"; sourceTree = "<group>"; };
		665A99BF294F4FE300C4F364 /* NotoSans-Bold.ttf */ = {isa = PBXFileReference; lastKnownFileType = file; path = "NotoSans-Bold.ttf"; sourceTree = "<group>"; };
		665A99C0294F4FE300C4F364 /* NotoSans-ExtraBold.ttf */ = {isa = PBXFileReference; lastKnownFileType = file; path = "NotoSans-ExtraBold.ttf"; sourceTree = "<group>"; };
		665A99C1294F4FE300C4F364 /* NotoSansDisplay-Medium.ttf */ = {isa = PBXFileReference; lastKnownFileType = file; path = "NotoSansDisplay-Medium.ttf"; sourceTree = "<group>"; };
		665A99C2294F4FE400C4F364 /* NotoSans-SemiBold.ttf */ = {isa = PBXFileReference; lastKnownFileType = file; path = "NotoSans-SemiBold.ttf"; sourceTree = "<group>"; };
		665A99C8294F531200C4F364 /* Info.plist */ = {isa = PBXFileReference; lastKnownFileType = text.plist.xml; path = Info.plist; sourceTree = "<group>"; };
		668969C529659EF70059869C /* LimitCashSourcesView.swift */ = {isa = PBXFileReference; lastKnownFileType = sourcecode.swift; path = LimitCashSourcesView.swift; sourceTree = "<group>"; };
		66AA4070295125A5002A2359 /* CalendarView.swift */ = {isa = PBXFileReference; lastKnownFileType = sourcecode.swift; path = CalendarView.swift; sourceTree = "<group>"; };
		66AA4072295125CE002A2359 /* SpendingsCalendarView.swift */ = {isa = PBXFileReference; lastKnownFileType = sourcecode.swift; path = SpendingsCalendarView.swift; sourceTree = "<group>"; };
		66AA407429512654002A2359 /* Transaction.swift */ = {isa = PBXFileReference; lastKnownFileType = sourcecode.swift; path = Transaction.swift; sourceTree = "<group>"; };
		66AA407629512692002A2359 /* Task.swift */ = {isa = PBXFileReference; lastKnownFileType = sourcecode.swift; path = Task.swift; sourceTree = "<group>"; };
		66AA4078295126F3002A2359 /* DateValue.swift */ = {isa = PBXFileReference; lastKnownFileType = sourcecode.swift; path = DateValue.swift; sourceTree = "<group>"; };
		66C1B530297377B4008E1BAE /* ForgotPasswordView.swift */ = {isa = PBXFileReference; lastKnownFileType = sourcecode.swift; path = ForgotPasswordView.swift; sourceTree = "<group>"; };
		66C1B532297377CB008E1BAE /* ForgotPasswordViewModel.swift */ = {isa = PBXFileReference; lastKnownFileType = sourcecode.swift; path = ForgotPasswordViewModel.swift; sourceTree = "<group>"; };
		66C1B53429755255008E1BAE /* Constant.swift */ = {isa = PBXFileReference; lastKnownFileType = sourcecode.swift; path = Constant.swift; sourceTree = "<group>"; };
		66C1B53A2975BFE0008E1BAE /* Onboarding.swift */ = {isa = PBXFileReference; lastKnownFileType = sourcecode.swift; path = Onboarding.swift; sourceTree = "<group>"; };
		B41618B328B1361C002629F7 /* MainScreen.swift */ = {isa = PBXFileReference; lastKnownFileType = sourcecode.swift; path = MainScreen.swift; sourceTree = "<group>"; };
		B41618B528B1379A002629F7 /* ExpensesCircularDiagram.swift */ = {isa = PBXFileReference; lastKnownFileType = sourcecode.swift; path = ExpensesCircularDiagram.swift; sourceTree = "<group>"; };
		B41618B928B13962002629F7 /* SavingsGoalsDebtsView.swift */ = {isa = PBXFileReference; lastKnownFileType = sourcecode.swift; path = SavingsGoalsDebtsView.swift; sourceTree = "<group>"; };
		B41618BB28B139A6002629F7 /* Menu.swift */ = {isa = PBXFileReference; lastKnownFileType = sourcecode.swift; path = Menu.swift; sourceTree = "<group>"; };
		B419BB5F28C0CBB8002F58EC /* PieceOfPie.swift */ = {isa = PBXFileReference; lastKnownFileType = sourcecode.swift; path = PieceOfPie.swift; sourceTree = "<group>"; };
		B458555628B1AB660047C81E /* CustomTabView.swift */ = {isa = PBXFileReference; lastKnownFileType = sourcecode.swift; path = CustomTabView.swift; sourceTree = "<group>"; };
		B4A9AA9528B26114001230BF /* Color+Extension.swift */ = {isa = PBXFileReference; lastKnownFileType = sourcecode.swift; path = "Color+Extension.swift"; sourceTree = "<group>"; };
		B4A9AA9828B269D1001230BF /* Modifiers.swift */ = {isa = PBXFileReference; lastKnownFileType = sourcecode.swift; path = Modifiers.swift; sourceTree = "<group>"; };
		B4A9AA9A28B2708C001230BF /* BalanceView.swift */ = {isa = PBXFileReference; lastKnownFileType = sourcecode.swift; path = BalanceView.swift; sourceTree = "<group>"; };
		B4A9AA9C28B2770A001230BF /* CardsPlace.swift */ = {isa = PBXFileReference; lastKnownFileType = sourcecode.swift; path = CardsPlace.swift; sourceTree = "<group>"; };
		B4A9AA9E28B27878001230BF /* StatisticsPlace.swift */ = {isa = PBXFileReference; lastKnownFileType = sourcecode.swift; path = StatisticsPlace.swift; sourceTree = "<group>"; };
		B4A9AAA128B27EAB001230BF /* PurchaseCategoriesView.swift */ = {isa = PBXFileReference; lastKnownFileType = sourcecode.swift; path = PurchaseCategoriesView.swift; sourceTree = "<group>"; };
		B4E94DC228BDD93B0054B16F /* CustomAlert.swift */ = {isa = PBXFileReference; lastKnownFileType = sourcecode.swift; path = CustomAlert.swift; sourceTree = "<group>"; };
		B4FA432828C88A6600FA19DB /* CustomDatePicker.swift */ = {isa = PBXFileReference; lastKnownFileType = sourcecode.swift; path = CustomDatePicker.swift; sourceTree = "<group>"; };
		FA6C156028C7778F0079AF6B /* CashSource.swift */ = {isa = PBXFileReference; lastKnownFileType = sourcecode.swift; path = CashSource.swift; sourceTree = "<group>"; };
		FA7B94BA28C61AA200772845 /* ExpenseView.swift */ = {isa = PBXFileReference; lastKnownFileType = sourcecode.swift; path = ExpenseView.swift; sourceTree = "<group>"; };
		FA9D14D228BC9D5100EEFA12 /* PurchaseCategory.swift */ = {isa = PBXFileReference; lastKnownFileType = sourcecode.swift; path = PurchaseCategory.swift; sourceTree = "<group>"; };
		FA9D14D428BCCDE600EEFA12 /* PurchaseLocation.swift */ = {isa = PBXFileReference; lastKnownFileType = sourcecode.swift; path = PurchaseLocation.swift; sourceTree = "<group>"; };
		FAB0DF0828C8C5AD006D78B9 /* ImageButton.swift */ = {isa = PBXFileReference; lastKnownFileType = sourcecode.swift; path = ImageButton.swift; sourceTree = "<group>"; };
		FABB4BBA28B124410070F300 /* Saver.app */ = {isa = PBXFileReference; explicitFileType = wrapper.application; includeInIndex = 0; path = Saver.app; sourceTree = BUILT_PRODUCTS_DIR; };
		FABB4BBD28B124410070F300 /* SaverApp.swift */ = {isa = PBXFileReference; lastKnownFileType = sourcecode.swift; path = SaverApp.swift; sourceTree = "<group>"; };
		FABB4BBF28B124410070F300 /* TabBarView.swift */ = {isa = PBXFileReference; lastKnownFileType = sourcecode.swift; path = TabBarView.swift; sourceTree = "<group>"; };
		FABB4BC128B124420070F300 /* Assets.xcassets */ = {isa = PBXFileReference; lastKnownFileType = folder.assetcatalog; path = Assets.xcassets; sourceTree = "<group>"; };
		FABB4BC428B124420070F300 /* Preview Assets.xcassets */ = {isa = PBXFileReference; lastKnownFileType = folder.assetcatalog; path = "Preview Assets.xcassets"; sourceTree = "<group>"; };
		FABB4BC628B124420070F300 /* Persistence.swift */ = {isa = PBXFileReference; lastKnownFileType = sourcecode.swift; path = Persistence.swift; sourceTree = "<group>"; };
		FABB4BC928B124420070F300 /* Saver.xcdatamodel */ = {isa = PBXFileReference; lastKnownFileType = wrapper.xcdatamodel; path = Saver.xcdatamodel; sourceTree = "<group>"; };
		FC4BE08C2999080E0086D8E5 /* CustomProgresView.swift */ = {isa = PBXFileReference; lastKnownFileType = sourcecode.swift; path = CustomProgresView.swift; sourceTree = "<group>"; };
		FC89D6A829955CC5004FB4A1 /* Shape+Extension.swift */ = {isa = PBXFileReference; fileEncoding = 4; lastKnownFileType = sourcecode.swift; path = "Shape+Extension.swift"; sourceTree = "<group>"; };
		FC89D6AB29955CEC004FB4A1 /* UIResponder+Current.swift */ = {isa = PBXFileReference; fileEncoding = 4; lastKnownFileType = sourcecode.swift; path = "UIResponder+Current.swift"; sourceTree = "<group>"; };
		FC89D6AC29955CEC004FB4A1 /* KeyboardHeightPublisher.swift */ = {isa = PBXFileReference; fileEncoding = 4; lastKnownFileType = sourcecode.swift; path = KeyboardHeightPublisher.swift; sourceTree = "<group>"; };
		FC89D6AD29955CEC004FB4A1 /* KeyboardAdaptive.swift */ = {isa = PBXFileReference; fileEncoding = 4; lastKnownFileType = sourcecode.swift; path = KeyboardAdaptive.swift; sourceTree = "<group>"; };
		FC89D6B12996B416004FB4A1 /* Templates.swift */ = {isa = PBXFileReference; lastKnownFileType = sourcecode.swift; path = Templates.swift; sourceTree = "<group>"; };
		FC917230299FEF49007954CE /* CashSourceLocation.swift */ = {isa = PBXFileReference; lastKnownFileType = sourcecode.swift; path = CashSourceLocation.swift; sourceTree = "<group>"; };
		FCA762412997FF380057D966 /* LimitPurchaseCategoryView.swift */ = {isa = PBXFileReference; lastKnownFileType = sourcecode.swift; path = LimitPurchaseCategoryView.swift; sourceTree = "<group>"; };
		FCB4708729A28ADC00B9AABC /* CashSourceTransferView.swift */ = {isa = PBXFileReference; lastKnownFileType = sourcecode.swift; path = CashSourceTransferView.swift; sourceTree = "<group>"; };
		FCB4708929A28E9300B9AABC /* CashSourceTransferViewModel.swift */ = {isa = PBXFileReference; lastKnownFileType = sourcecode.swift; path = CashSourceTransferViewModel.swift; sourceTree = "<group>"; };
		FCD4A49D299C47880023BD55 /* ImagePickerView.swift */ = {isa = PBXFileReference; lastKnownFileType = sourcecode.swift; path = ImagePickerView.swift; sourceTree = "<group>"; };
		FCD4A49F299C48A70023BD55 /* BalanceViewModel.swift */ = {isa = PBXFileReference; lastKnownFileType = sourcecode.swift; path = BalanceViewModel.swift; sourceTree = "<group>"; };
		FCD4A4A1299C57720023BD55 /* ImageCropper.swift */ = {isa = PBXFileReference; lastKnownFileType = sourcecode.swift; path = ImageCropper.swift; sourceTree = "<group>"; };
/* End PBXFileReference section */

/* Begin PBXFrameworksBuildPhase section */
		FABB4BB728B124410070F300 /* Frameworks */ = {
			isa = PBXFrameworksBuildPhase;
			buildActionMask = 2147483647;
			files = (
				0CC4DC49297BD6BB008D38EE /* FirebaseDatabaseSwift in Frameworks */,
				0CC4DC43297BD6BB008D38EE /* FirebaseAnalyticsSwift in Frameworks */,
				0CC4DC45297BD6BB008D38EE /* FirebaseAuth in Frameworks */,
				0CC4DC4D297BD6BB008D38EE /* FirebaseFirestoreSwift in Frameworks */,
				0CC4DC47297BD6BB008D38EE /* FirebaseDatabase in Frameworks */,
				0C44A0FC29910A020068DB27 /* GoogleSignInSwift in Frameworks */,
				FCD4A4A5299C58830023BD55 /* CropViewController in Frameworks */,
				0CC4DC4F297BD6BB008D38EE /* FirebaseStorage in Frameworks */,
				0CC4DC41297BD6BB008D38EE /* FirebaseAnalytics in Frameworks */,
				0CC4DC4B297BD6BB008D38EE /* FirebaseFirestore in Frameworks */,
				0C44A0FA29910A020068DB27 /* GoogleSignIn in Frameworks */,
			);
			runOnlyForDeploymentPostprocessing = 0;
		};
/* End PBXFrameworksBuildPhase section */

/* Begin PBXGroup section */
		0C4C60CD297F0F9D00D040DC /* Firebase+Model */ = {
			isa = PBXGroup;
			children = (
				0C4C60CE297F0FFB00D040DC /* UserFirModel.swift */,
				0C4C60D0297F114F00D040DC /* TaskFirModel.swift */,
			);
			path = "Firebase+Model";
			sourceTree = "<group>";
		};
		0C67F3B2293C95C5002384D4 /* UserDefaultsManager  */ = {
			isa = PBXGroup;
			children = (
				0C67F3B3293C961D002384D4 /* FirebaseUserManager.swift */,
			);
			path = "UserDefaultsManager ";
			sourceTree = "<group>";
		};
		0C6A1B152948891F006E7C13 /* Views */ = {
			isa = PBXGroup;
			children = (
				0C6A1B1629488943006E7C13 /* CircleTextView.swift */,
			);
			path = Views;
			sourceTree = "<group>";
		};
		0C6A1B1A29489ED7006E7C13 /* Extensions */ = {
			isa = PBXGroup;
			children = (
				FC89D6AA29955CEC004FB4A1 /* Keyboard */,
				B4A9AA9528B26114001230BF /* Color+Extension.swift */,
				0C6A1B1B29489F13006E7C13 /* UIApplication+Extension.swift */,
				0C4343BB296418D300B511E8 /* Date+Extension.swift */,
				0CA003812972CE1A00E9DF89 /* View+Extension.swift */,
				0C967743298FBD2E00220018 /* Collection+Extension.swift */,
				0C967745298FBE8C00220018 /* Encodable+Extension.swift */,
				FC89D6A829955CC5004FB4A1 /* Shape+Extension.swift */,
			);
			path = Extensions;
			sourceTree = "<group>";
		};
		0CA0037D2972BAD800E9DF89 /* Auth */ = {
			isa = PBXGroup;
			children = (
				0CA0037E2972C00A00E9DF89 /* AuthView.swift */,
				0C02202D2973476800F5D030 /* AppleAuthorizationVC.swift */,
				0C02202F2973484600F5D030 /* AuthWithAppleButton.swift */,
			);
			name = Auth;
			sourceTree = "<group>";
		};
		0CB5F8AC29803A240000FF17 /* TabBarView */ = {
			isa = PBXGroup;
			children = (
				FABB4BBF28B124410070F300 /* TabBarView.swift */,
				0CB5F8AD29803A500000FF17 /* TabBarViewModel.swift */,
			);
			path = TabBarView;
			sourceTree = "<group>";
		};
		0CE75276294F082F0092651C /* Goals */ = {
			isa = PBXGroup;
			children = (
				0CE75279294F08880092651C /* AddGoalsView.swift */,
				0CE7527B294F08980092651C /* DetailGoalView.swift */,
			);
			path = Goals;
			sourceTree = "<group>";
		};
		0CE7527D294F08A20092651C /* Debts */ = {
			isa = PBXGroup;
			children = (
				0CE7527E294F08B90092651C /* AddDebtView.swift */,
				0CE75280294F08CC0092651C /* DetailDebtView.swift */,
			);
			path = Debts;
			sourceTree = "<group>";
		};
		0CE75282294F22A20092651C /* PurchaseCategory */ = {
			isa = PBXGroup;
			children = (
				0C979293294E1833000D80A2 /* AddPurchaseCategoryView.swift */,
				0C979296294E3774000D80A2 /* PurchaseCategoryDetailView.swift */,
				FCA762412997FF380057D966 /* LimitPurchaseCategoryView.swift */,
			);
			path = PurchaseCategory;
			sourceTree = "<group>";
		};
		0CE75283294F22CF0092651C /* CashSource */ = {
			isa = PBXGroup;
			children = (
				0C62D5D02944F295006EA95F /* AddCashSourceView.swift */,
				0C6A1B1829488B37006E7C13 /* AddIconsView.swift */,
				0C02F0D2293E109D0033ED65 /* IncomeView.swift */,
				FCB4708729A28ADC00B9AABC /* CashSourceTransferView.swift */,
				FCB4708929A28E9300B9AABC /* CashSourceTransferViewModel.swift */,
			);
			path = CashSource;
			sourceTree = "<group>";
		};
		66130993295DD7B100275F16 /* CashSources */ = {
			isa = PBXGroup;
			children = (
				66130991295DD73300275F16 /* AdaptivePagingScrollView.swift */,
				66130994295F2D1300275F16 /* CashSourcesData.swift */,
				66130996295F579700275F16 /* CashSourceView.swift */,
				668969C529659EF70059869C /* LimitCashSourcesView.swift */,
			);
			path = CashSources;
			sourceTree = "<group>";
		};
		66548D4D2972C00C003D2AA0 /* Registration */ = {
			isa = PBXGroup;
			children = (
				66548D4E2972C057003D2AA0 /* RegistrationView.swift */,
				66548D502972C077003D2AA0 /* RegistrationViewModel.swift */,
				66548D522972CA58003D2AA0 /* RegistrationTFState.swift */,
				66548D542972CAF7003D2AA0 /* String+Extension.swift */,
				66548D562972CD0B003D2AA0 /* AuthTextfieldModifier.swift */,
				66548D582972DEE1003D2AA0 /* TextField+Extension.swift */,
			);
			path = Registration;
			sourceTree = "<group>";
		};
		66548D5A2973174A003D2AA0 /* Login */ = {
			isa = PBXGroup;
			children = (
				66548D5C29731779003D2AA0 /* LoginView.swift */,
				66548D5E2973178C003D2AA0 /* LoginViewModel.swift */,
			);
			path = Login;
			sourceTree = "<group>";
		};
		665A99B1294F4E2500C4F364 /* Fonts */ = {
			isa = PBXGroup;
			children = (
				665A99B3294F4E4000C4F364 /* Noto */,
				665A99B2294F4E3500C4F364 /* Lato */,
			);
			path = Fonts;
			sourceTree = "<group>";
		};
		665A99B2294F4E3500C4F364 /* Lato */ = {
			isa = PBXGroup;
			children = (
				665A99B8294F4FD500C4F364 /* Lato-Bold.ttf */,
				665A99B7294F4FD500C4F364 /* Lato-ExtraBold.ttf */,
				665A99B4294F4FD500C4F364 /* Lato-Medium.ttf */,
				665A99B5294F4FD500C4F364 /* Lato-Regular.ttf */,
				665A99B6294F4FD500C4F364 /* Lato-Semibold.ttf */,
			);
			path = Lato;
			sourceTree = "<group>";
		};
		665A99B3294F4E4000C4F364 /* Noto */ = {
			isa = PBXGroup;
			children = (
				665A99BF294F4FE300C4F364 /* NotoSans-Bold.ttf */,
				665A99C0294F4FE300C4F364 /* NotoSans-ExtraBold.ttf */,
				665A99BE294F4FE300C4F364 /* NotoSans-Regular.ttf */,
				665A99C2294F4FE400C4F364 /* NotoSans-SemiBold.ttf */,
				665A99C1294F4FE300C4F364 /* NotoSansDisplay-Medium.ttf */,
			);
			path = Noto;
			sourceTree = "<group>";
		};
		66AA406F29512557002A2359 /* Calendar */ = {
			isa = PBXGroup;
			children = (
				66AA4070295125A5002A2359 /* CalendarView.swift */,
				66AA4072295125CE002A2359 /* SpendingsCalendarView.swift */,
				0C4343BD2964195A00B511E8 /* SpendingsCalendarViewModel.swift */,
				66AA407429512654002A2359 /* Transaction.swift */,
				66AA407629512692002A2359 /* Task.swift */,
				66AA4078295126F3002A2359 /* DateValue.swift */,
			);
			path = Calendar;
			sourceTree = "<group>";
		};
		66C1B52F2973778A008E1BAE /* ForgotPassword */ = {
			isa = PBXGroup;
			children = (
				66C1B530297377B4008E1BAE /* ForgotPasswordView.swift */,
				66C1B532297377CB008E1BAE /* ForgotPasswordViewModel.swift */,
			);
			path = ForgotPassword;
			sourceTree = "<group>";
		};
		66C1B5392975BFC6008E1BAE /* Onboarding */ = {
			isa = PBXGroup;
			children = (
				66C1B53A2975BFE0008E1BAE /* Onboarding.swift */,
			);
			path = Onboarding;
			sourceTree = "<group>";
		};
		B41618B228B135CE002629F7 /* TabBar */ = {
			isa = PBXGroup;
			children = (
				B41618B328B1361C002629F7 /* MainScreen.swift */,
				0C4C60CB297EA30E00D040DC /* MainScreenViewModel.swift */,
				B4E94DC228BDD93B0054B16F /* CustomAlert.swift */,
				B4A9AAA028B27E37001230BF /* ComponentsMainScreen */,
				B41618B528B1379A002629F7 /* ExpensesCircularDiagram.swift */,
				B419BB5E28C0CB43002F58EC /* ComponentsExp */,
				66AA406F29512557002A2359 /* Calendar */,
				B4FA432728C88A1A00FA19DB /* ComponentsCalendar */,
				B41618B928B13962002629F7 /* SavingsGoalsDebtsView.swift */,
				B41618BB28B139A6002629F7 /* Menu.swift */,
			);
			path = TabBar;
			sourceTree = "<group>";
		};
		B419BB5E28C0CB43002F58EC /* ComponentsExp */ = {
			isa = PBXGroup;
			children = (
				B419BB5F28C0CBB8002F58EC /* PieceOfPie.swift */,
			);
			path = ComponentsExp;
			sourceTree = "<group>";
		};
		B458555828B1AB7F0047C81E /* CustomView */ = {
			isa = PBXGroup;
			children = (
				B458555628B1AB660047C81E /* CustomTabView.swift */,
				FC4BE08C2999080E0086D8E5 /* CustomProgresView.swift */,
			);
			path = CustomView;
			sourceTree = "<group>";
		};
		B4A9AAA028B27E37001230BF /* ComponentsMainScreen */ = {
			isa = PBXGroup;
			children = (
				B4A9AA9A28B2708C001230BF /* BalanceView.swift */,
				B4A9AA9C28B2770A001230BF /* CardsPlace.swift */,
				66130993295DD7B100275F16 /* CashSources */,
				B4A9AA9E28B27878001230BF /* StatisticsPlace.swift */,
				B4A9AAA128B27EAB001230BF /* PurchaseCategoriesView.swift */,
				FCD4A49D299C47880023BD55 /* ImagePickerView.swift */,
				FCD4A49F299C48A70023BD55 /* BalanceViewModel.swift */,
				FCD4A4A1299C57720023BD55 /* ImageCropper.swift */,
			);
			path = ComponentsMainScreen;
			sourceTree = "<group>";
		};
		B4FA432728C88A1A00FA19DB /* ComponentsCalendar */ = {
			isa = PBXGroup;
			children = (
				B4FA432828C88A6600FA19DB /* CustomDatePicker.swift */,
			);
			path = ComponentsCalendar;
			sourceTree = "<group>";
		};
		FA7B94B928C61A3600772845 /* ExpenseView */ = {
			isa = PBXGroup;
			children = (
				FA7B94BA28C61AA200772845 /* ExpenseView.swift */,
				0C4343B92963687D00B511E8 /* ExpenseViewModel.swift */,
			);
			path = ExpenseView;
			sourceTree = "<group>";
		};
		FA9D14D128BC9D3800EEFA12 /* Models */ = {
			isa = PBXGroup;
			children = (
				FA9D14D228BC9D5100EEFA12 /* PurchaseCategory.swift */,
				FA9D14D428BCCDE600EEFA12 /* PurchaseLocation.swift */,
				FC917230299FEF49007954CE /* CashSourceLocation.swift */,
				FA6C156028C7778F0079AF6B /* CashSource.swift */,
				0C8E2026291A40EE00F6932B /* UserModel.swift */,
			);
			path = Models;
			sourceTree = "<group>";
		};
		FAB0DF0728C8C588006D78B9 /* UICustomObjects */ = {
			isa = PBXGroup;
			children = (
				FAB0DF0828C8C5AD006D78B9 /* ImageButton.swift */,
			);
			path = UICustomObjects;
			sourceTree = "<group>";
		};
		FAB594E428BB3F50002D3916 /* Views */ = {
			isa = PBXGroup;
			children = (
				66C1B5392975BFC6008E1BAE /* Onboarding */,
				66C1B52F2973778A008E1BAE /* ForgotPassword */,
				66548D5A2973174A003D2AA0 /* Login */,
				66548D4D2972C00C003D2AA0 /* Registration */,
				0CE75283294F22CF0092651C /* CashSource */,
				0CE75282294F22A20092651C /* PurchaseCategory */,
				0CE7527D294F08A20092651C /* Debts */,
				0CE75276294F082F0092651C /* Goals */,
				FA7B94B928C61A3600772845 /* ExpenseView */,
				B41618B228B135CE002629F7 /* TabBar */,
				B458555828B1AB7F0047C81E /* CustomView */,
				FC89D6B12996B416004FB4A1 /* Templates.swift */,
			);
			path = Views;
			sourceTree = "<group>";
		};
		FAB594E528BB3F61002D3916 /* Resources  */ = {
			isa = PBXGroup;
			children = (
				665A99B1294F4E2500C4F364 /* Fonts */,
				0C6A1B1A29489ED7006E7C13 /* Extensions */,
				0C6A1B152948891F006E7C13 /* Views */,
				FABB4BC628B124420070F300 /* Persistence.swift */,
				B4A9AA9828B269D1001230BF /* Modifiers.swift */,
				66C1B53429755255008E1BAE /* Constant.swift */,
			);
			path = "Resources ";
			sourceTree = "<group>";
		};
		FABB4BB128B124410070F300 = {
			isa = PBXGroup;
			children = (
				FABB4BBC28B124410070F300 /* Saver */,
				FABB4BBB28B124410070F300 /* Products */,
			);
			sourceTree = "<group>";
		};
		FABB4BBB28B124410070F300 /* Products */ = {
			isa = PBXGroup;
			children = (
				FABB4BBA28B124410070F300 /* Saver.app */,
			);
			name = Products;
			sourceTree = "<group>";
		};
		FABB4BBC28B124410070F300 /* Saver */ = {
			isa = PBXGroup;
			children = (
				0CB5F8AC29803A240000FF17 /* TabBarView */,
				0C4C60CD297F0F9D00D040DC /* Firebase+Model */,
				0CA003802972C04D00E9DF89 /* Saver.entitlements */,
				665A99C8294F531200C4F364 /* Info.plist */,
				0CC4DC3D297BD575008D38EE /* GoogleService-Info.plist */,
				FABB4BBD28B124410070F300 /* SaverApp.swift */,
				0CA0037D2972BAD800E9DF89 /* Auth */,
				0C67F3B2293C95C5002384D4 /* UserDefaultsManager  */,
				FAB0DF0728C8C588006D78B9 /* UICustomObjects */,
				FA9D14D128BC9D3800EEFA12 /* Models */,
				FAB594E428BB3F50002D3916 /* Views */,
				FAB594E528BB3F61002D3916 /* Resources  */,
				FABB4BC128B124420070F300 /* Assets.xcassets */,
				FABB4BC828B124420070F300 /* Saver.xcdatamodeld */,
				FABB4BC328B124420070F300 /* Preview Content */,
			);
			path = Saver;
			sourceTree = "<group>";
		};
		FABB4BC328B124420070F300 /* Preview Content */ = {
			isa = PBXGroup;
			children = (
				FABB4BC428B124420070F300 /* Preview Assets.xcassets */,
			);
			path = "Preview Content";
			sourceTree = "<group>";
		};
		FC89D6AA29955CEC004FB4A1 /* Keyboard */ = {
			isa = PBXGroup;
			children = (
				FC89D6AB29955CEC004FB4A1 /* UIResponder+Current.swift */,
				FC89D6AC29955CEC004FB4A1 /* KeyboardHeightPublisher.swift */,
				FC89D6AD29955CEC004FB4A1 /* KeyboardAdaptive.swift */,
			);
			path = Keyboard;
			sourceTree = "<group>";
		};
/* End PBXGroup section */

/* Begin PBXNativeTarget section */
		FABB4BB928B124410070F300 /* Saver */ = {
			isa = PBXNativeTarget;
			buildConfigurationList = FABB4BCD28B124420070F300 /* Build configuration list for PBXNativeTarget "Saver" */;
			buildPhases = (
				FABB4BB628B124410070F300 /* Sources */,
				FABB4BB728B124410070F300 /* Frameworks */,
				FABB4BB828B124410070F300 /* Resources */,
			);
			buildRules = (
			);
			dependencies = (
			);
			name = Saver;
			packageProductDependencies = (
				0CC4DC40297BD6BB008D38EE /* FirebaseAnalytics */,
				0CC4DC42297BD6BB008D38EE /* FirebaseAnalyticsSwift */,
				0CC4DC44297BD6BB008D38EE /* FirebaseAuth */,
				0CC4DC46297BD6BB008D38EE /* FirebaseDatabase */,
				0CC4DC48297BD6BB008D38EE /* FirebaseDatabaseSwift */,
				0CC4DC4A297BD6BB008D38EE /* FirebaseFirestore */,
				0CC4DC4C297BD6BB008D38EE /* FirebaseFirestoreSwift */,
				0CC4DC4E297BD6BB008D38EE /* FirebaseStorage */,
				0C44A0F929910A020068DB27 /* GoogleSignIn */,
				0C44A0FB29910A020068DB27 /* GoogleSignInSwift */,
				FCD4A4A4299C58830023BD55 /* CropViewController */,
			);
			productName = Saver;
			productReference = FABB4BBA28B124410070F300 /* Saver.app */;
			productType = "com.apple.product-type.application";
		};
/* End PBXNativeTarget section */

/* Begin PBXProject section */
		FABB4BB228B124410070F300 /* Project object */ = {
			isa = PBXProject;
			attributes = {
				BuildIndependentTargetsInParallel = 1;
				LastSwiftUpdateCheck = 1340;
				LastUpgradeCheck = 1340;
				TargetAttributes = {
					FABB4BB928B124410070F300 = {
						CreatedOnToolsVersion = 13.4.1;
					};
				};
			};
			buildConfigurationList = FABB4BB528B124410070F300 /* Build configuration list for PBXProject "Saver" */;
			compatibilityVersion = "Xcode 13.0";
			developmentRegion = en;
			hasScannedForEncodings = 0;
			knownRegions = (
				en,
				Base,
			);
			mainGroup = FABB4BB128B124410070F300;
			packageReferences = (
				0CC4DC3F297BD6BB008D38EE /* XCRemoteSwiftPackageReference "firebase-ios-sdk" */,
				0C44A0F829910A020068DB27 /* XCRemoteSwiftPackageReference "GoogleSignIn-iOS" */,
				FCD4A4A3299C58830023BD55 /* XCRemoteSwiftPackageReference "TOCropViewController" */,
			);
			productRefGroup = FABB4BBB28B124410070F300 /* Products */;
			projectDirPath = "";
			projectRoot = "";
			targets = (
				FABB4BB928B124410070F300 /* Saver */,
			);
		};
/* End PBXProject section */

/* Begin PBXResourcesBuildPhase section */
		FABB4BB828B124410070F300 /* Resources */ = {
			isa = PBXResourcesBuildPhase;
			buildActionMask = 2147483647;
			files = (
				665A99C6294F4FE400C4F364 /* NotoSansDisplay-Medium.ttf in Resources */,
				665A99BD294F4FD500C4F364 /* Lato-Bold.ttf in Resources */,
				665A99C7294F4FE400C4F364 /* NotoSans-SemiBold.ttf in Resources */,
				665A99BC294F4FD500C4F364 /* Lato-ExtraBold.ttf in Resources */,
				665A99BB294F4FD500C4F364 /* Lato-Semibold.ttf in Resources */,
				665A99C5294F4FE400C4F364 /* NotoSans-ExtraBold.ttf in Resources */,
				FABB4BC528B124420070F300 /* Preview Assets.xcassets in Resources */,
				0CC4DC3E297BD575008D38EE /* GoogleService-Info.plist in Resources */,
				665A99C3294F4FE400C4F364 /* NotoSans-Regular.ttf in Resources */,
				665A99B9294F4FD500C4F364 /* Lato-Medium.ttf in Resources */,
				665A99C4294F4FE400C4F364 /* NotoSans-Bold.ttf in Resources */,
				FABB4BC228B124420070F300 /* Assets.xcassets in Resources */,
				665A99BA294F4FD500C4F364 /* Lato-Regular.ttf in Resources */,
			);
			runOnlyForDeploymentPostprocessing = 0;
		};
/* End PBXResourcesBuildPhase section */

/* Begin PBXSourcesBuildPhase section */
		FABB4BB628B124410070F300 /* Sources */ = {
			isa = PBXSourcesBuildPhase;
			buildActionMask = 2147483647;
			files = (
				66C1B531297377B4008E1BAE /* ForgotPasswordView.swift in Sources */,
				FC89D6A929955CC6004FB4A1 /* Shape+Extension.swift in Sources */,
				B4A9AAA228B27EAB001230BF /* PurchaseCategoriesView.swift in Sources */,
				66548D512972C077003D2AA0 /* RegistrationViewModel.swift in Sources */,
				0C4343BC296418D300B511E8 /* Date+Extension.swift in Sources */,
				FCB4708A29A28E9300B9AABC /* CashSourceTransferViewModel.swift in Sources */,
				FCD4A4A0299C48A70023BD55 /* BalanceViewModel.swift in Sources */,
				B41618BC28B139A6002629F7 /* Menu.swift in Sources */,
				66548D592972DEE1003D2AA0 /* TextField+Extension.swift in Sources */,
				66130997295F579700275F16 /* CashSourceView.swift in Sources */,
				B4A9AA9D28B2770A001230BF /* CardsPlace.swift in Sources */,
				FABB4BC728B124420070F300 /* Persistence.swift in Sources */,
				0C4343BA2963687D00B511E8 /* ExpenseViewModel.swift in Sources */,
				FC917231299FEF49007954CE /* CashSourceLocation.swift in Sources */,
				0C979297294E3774000D80A2 /* PurchaseCategoryDetailView.swift in Sources */,
				B419BB6028C0CBB8002F58EC /* PieceOfPie.swift in Sources */,
				0C967746298FBE8C00220018 /* Encodable+Extension.swift in Sources */,
				66AA407729512692002A2359 /* Task.swift in Sources */,
				0C6A1B1929488B37006E7C13 /* AddIconsView.swift in Sources */,
				0CE7527C294F08980092651C /* DetailGoalView.swift in Sources */,
				FCB4708829A28ADD00B9AABC /* CashSourceTransferView.swift in Sources */,
				66548D532972CA58003D2AA0 /* RegistrationTFState.swift in Sources */,
				B4A9AA9928B269D1001230BF /* Modifiers.swift in Sources */,
				66548D5F2973178C003D2AA0 /* LoginViewModel.swift in Sources */,
				0CE75281294F08CC0092651C /* DetailDebtView.swift in Sources */,
				B4FA432928C88A6600FA19DB /* CustomDatePicker.swift in Sources */,
				FCD4A49E299C47880023BD55 /* ImagePickerView.swift in Sources */,
				0CA0037F2972C00A00E9DF89 /* AuthView.swift in Sources */,
				66130995295F2D1300275F16 /* CashSourcesData.swift in Sources */,
				0C4C60CC297EA30E00D040DC /* MainScreenViewModel.swift in Sources */,
				66C1B533297377CB008E1BAE /* ForgotPasswordViewModel.swift in Sources */,
				0CB5F8AE29803A500000FF17 /* TabBarViewModel.swift in Sources */,
				66AA4071295125A5002A2359 /* CalendarView.swift in Sources */,
				0C62D5D12944F295006EA95F /* AddCashSourceView.swift in Sources */,
				66548D5D29731779003D2AA0 /* LoginView.swift in Sources */,
				0C967744298FBD2E00220018 /* Collection+Extension.swift in Sources */,
				0C02202E2973476800F5D030 /* AppleAuthorizationVC.swift in Sources */,
				66130992295DD73300275F16 /* AdaptivePagingScrollView.swift in Sources */,
				668969C629659EF70059869C /* LimitCashSourcesView.swift in Sources */,
				66548D552972CAF7003D2AA0 /* String+Extension.swift in Sources */,
				FABB4BC028B124410070F300 /* TabBarView.swift in Sources */,
				B4A9AA9628B26114001230BF /* Color+Extension.swift in Sources */,
				FA9D14D328BC9D5100EEFA12 /* PurchaseCategory.swift in Sources */,
				FABB4BBE28B124410070F300 /* SaverApp.swift in Sources */,
				B41618BA28B13962002629F7 /* SavingsGoalsDebtsView.swift in Sources */,
				0C02F0D3293E109D0033ED65 /* IncomeView.swift in Sources */,
				FC89D6AF29955CED004FB4A1 /* KeyboardHeightPublisher.swift in Sources */,
				FA6C156128C7778F0079AF6B /* CashSource.swift in Sources */,
				0C979294294E1833000D80A2 /* AddPurchaseCategoryView.swift in Sources */,
				B41618B628B1379A002629F7 /* ExpensesCircularDiagram.swift in Sources */,
				FCA762422997FF380057D966 /* LimitPurchaseCategoryView.swift in Sources */,
				0C6A1B1C29489F13006E7C13 /* UIApplication+Extension.swift in Sources */,
				0C4C60D1297F114F00D040DC /* TaskFirModel.swift in Sources */,
				FC89D6AE29955CED004FB4A1 /* UIResponder+Current.swift in Sources */,
				66548D572972CD0B003D2AA0 /* AuthTextfieldModifier.swift in Sources */,
				FC89D6B029955CED004FB4A1 /* KeyboardAdaptive.swift in Sources */,
				0C6A1B1729488943006E7C13 /* CircleTextView.swift in Sources */,
				0C0220302973484600F5D030 /* AuthWithAppleButton.swift in Sources */,
				B458555728B1AB660047C81E /* CustomTabView.swift in Sources */,
				FC89D6B22996B416004FB4A1 /* Templates.swift in Sources */,
				FA9D14D528BCCDE600EEFA12 /* PurchaseLocation.swift in Sources */,
				66C1B53B2975BFE0008E1BAE /* Onboarding.swift in Sources */,
				66AA4073295125CE002A2359 /* SpendingsCalendarView.swift in Sources */,
				0C8E2027291A40EE00F6932B /* UserModel.swift in Sources */,
				0CA003822972CE1A00E9DF89 /* View+Extension.swift in Sources */,
				B4A9AA9F28B27878001230BF /* StatisticsPlace.swift in Sources */,
				FABB4BCA28B124420070F300 /* Saver.xcdatamodeld in Sources */,
				66C1B53529755255008E1BAE /* Constant.swift in Sources */,
				0C4C60CF297F0FFB00D040DC /* UserFirModel.swift in Sources */,
				0CE7527F294F08B90092651C /* AddDebtView.swift in Sources */,
				66548D4F2972C057003D2AA0 /* RegistrationView.swift in Sources */,
				0C4343BE2964195A00B511E8 /* SpendingsCalendarViewModel.swift in Sources */,
				66AA4079295126F3002A2359 /* DateValue.swift in Sources */,
				FA7B94BB28C61AA200772845 /* ExpenseView.swift in Sources */,
				0CE7527A294F08880092651C /* AddGoalsView.swift in Sources */,
				66AA407529512654002A2359 /* Transaction.swift in Sources */,
				B41618B428B1361C002629F7 /* MainScreen.swift in Sources */,
				0C67F3B4293C961D002384D4 /* FirebaseUserManager.swift in Sources */,
				FCD4A4A2299C57720023BD55 /* ImageCropper.swift in Sources */,
				FAB0DF0928C8C5AD006D78B9 /* ImageButton.swift in Sources */,
				B4A9AA9B28B2708C001230BF /* BalanceView.swift in Sources */,
				FC4BE08D2999080E0086D8E5 /* CustomProgresView.swift in Sources */,
				B4E94DC328BDD93B0054B16F /* CustomAlert.swift in Sources */,
			);
			runOnlyForDeploymentPostprocessing = 0;
		};
/* End PBXSourcesBuildPhase section */

/* Begin XCBuildConfiguration section */
		FABB4BCB28B124420070F300 /* Debug */ = {
			isa = XCBuildConfiguration;
			buildSettings = {
				ALWAYS_SEARCH_USER_PATHS = NO;
				CLANG_ANALYZER_NONNULL = YES;
				CLANG_ANALYZER_NUMBER_OBJECT_CONVERSION = YES_AGGRESSIVE;
				CLANG_CXX_LANGUAGE_STANDARD = "gnu++17";
				CLANG_ENABLE_MODULES = YES;
				CLANG_ENABLE_OBJC_ARC = YES;
				CLANG_ENABLE_OBJC_WEAK = YES;
				CLANG_WARN_BLOCK_CAPTURE_AUTORELEASING = YES;
				CLANG_WARN_BOOL_CONVERSION = YES;
				CLANG_WARN_COMMA = YES;
				CLANG_WARN_CONSTANT_CONVERSION = YES;
				CLANG_WARN_DEPRECATED_OBJC_IMPLEMENTATIONS = YES;
				CLANG_WARN_DIRECT_OBJC_ISA_USAGE = YES_ERROR;
				CLANG_WARN_DOCUMENTATION_COMMENTS = YES;
				CLANG_WARN_EMPTY_BODY = YES;
				CLANG_WARN_ENUM_CONVERSION = YES;
				CLANG_WARN_INFINITE_RECURSION = YES;
				CLANG_WARN_INT_CONVERSION = YES;
				CLANG_WARN_NON_LITERAL_NULL_CONVERSION = YES;
				CLANG_WARN_OBJC_IMPLICIT_RETAIN_SELF = YES;
				CLANG_WARN_OBJC_LITERAL_CONVERSION = YES;
				CLANG_WARN_OBJC_ROOT_CLASS = YES_ERROR;
				CLANG_WARN_QUOTED_INCLUDE_IN_FRAMEWORK_HEADER = YES;
				CLANG_WARN_RANGE_LOOP_ANALYSIS = YES;
				CLANG_WARN_STRICT_PROTOTYPES = YES;
				CLANG_WARN_SUSPICIOUS_MOVE = YES;
				CLANG_WARN_UNGUARDED_AVAILABILITY = YES_AGGRESSIVE;
				CLANG_WARN_UNREACHABLE_CODE = YES;
				CLANG_WARN__DUPLICATE_METHOD_MATCH = YES;
				COPY_PHASE_STRIP = NO;
				DEBUG_INFORMATION_FORMAT = dwarf;
				ENABLE_STRICT_OBJC_MSGSEND = YES;
				ENABLE_TESTABILITY = YES;
				GCC_C_LANGUAGE_STANDARD = gnu11;
				GCC_DYNAMIC_NO_PIC = NO;
				GCC_NO_COMMON_BLOCKS = YES;
				GCC_OPTIMIZATION_LEVEL = 0;
				GCC_PREPROCESSOR_DEFINITIONS = (
					"DEBUG=1",
					"$(inherited)",
				);
				GCC_WARN_64_TO_32_BIT_CONVERSION = YES;
				GCC_WARN_ABOUT_RETURN_TYPE = YES_ERROR;
				GCC_WARN_UNDECLARED_SELECTOR = YES;
				GCC_WARN_UNINITIALIZED_AUTOS = YES_AGGRESSIVE;
				GCC_WARN_UNUSED_FUNCTION = YES;
				GCC_WARN_UNUSED_VARIABLE = YES;
				IPHONEOS_DEPLOYMENT_TARGET = 16.1;
				MTL_ENABLE_DEBUG_INFO = INCLUDE_SOURCE;
				MTL_FAST_MATH = YES;
				ONLY_ACTIVE_ARCH = YES;
				SDKROOT = iphoneos;
				SWIFT_ACTIVE_COMPILATION_CONDITIONS = DEBUG;
				SWIFT_OPTIMIZATION_LEVEL = "-Onone";
			};
			name = Debug;
		};
		FABB4BCC28B124420070F300 /* Release */ = {
			isa = XCBuildConfiguration;
			buildSettings = {
				ALWAYS_SEARCH_USER_PATHS = NO;
				CLANG_ANALYZER_NONNULL = YES;
				CLANG_ANALYZER_NUMBER_OBJECT_CONVERSION = YES_AGGRESSIVE;
				CLANG_CXX_LANGUAGE_STANDARD = "gnu++17";
				CLANG_ENABLE_MODULES = YES;
				CLANG_ENABLE_OBJC_ARC = YES;
				CLANG_ENABLE_OBJC_WEAK = YES;
				CLANG_WARN_BLOCK_CAPTURE_AUTORELEASING = YES;
				CLANG_WARN_BOOL_CONVERSION = YES;
				CLANG_WARN_COMMA = YES;
				CLANG_WARN_CONSTANT_CONVERSION = YES;
				CLANG_WARN_DEPRECATED_OBJC_IMPLEMENTATIONS = YES;
				CLANG_WARN_DIRECT_OBJC_ISA_USAGE = YES_ERROR;
				CLANG_WARN_DOCUMENTATION_COMMENTS = YES;
				CLANG_WARN_EMPTY_BODY = YES;
				CLANG_WARN_ENUM_CONVERSION = YES;
				CLANG_WARN_INFINITE_RECURSION = YES;
				CLANG_WARN_INT_CONVERSION = YES;
				CLANG_WARN_NON_LITERAL_NULL_CONVERSION = YES;
				CLANG_WARN_OBJC_IMPLICIT_RETAIN_SELF = YES;
				CLANG_WARN_OBJC_LITERAL_CONVERSION = YES;
				CLANG_WARN_OBJC_ROOT_CLASS = YES_ERROR;
				CLANG_WARN_QUOTED_INCLUDE_IN_FRAMEWORK_HEADER = YES;
				CLANG_WARN_RANGE_LOOP_ANALYSIS = YES;
				CLANG_WARN_STRICT_PROTOTYPES = YES;
				CLANG_WARN_SUSPICIOUS_MOVE = YES;
				CLANG_WARN_UNGUARDED_AVAILABILITY = YES_AGGRESSIVE;
				CLANG_WARN_UNREACHABLE_CODE = YES;
				CLANG_WARN__DUPLICATE_METHOD_MATCH = YES;
				COPY_PHASE_STRIP = NO;
				DEBUG_INFORMATION_FORMAT = "dwarf-with-dsym";
				ENABLE_NS_ASSERTIONS = NO;
				ENABLE_STRICT_OBJC_MSGSEND = YES;
				GCC_C_LANGUAGE_STANDARD = gnu11;
				GCC_NO_COMMON_BLOCKS = YES;
				GCC_WARN_64_TO_32_BIT_CONVERSION = YES;
				GCC_WARN_ABOUT_RETURN_TYPE = YES_ERROR;
				GCC_WARN_UNDECLARED_SELECTOR = YES;
				GCC_WARN_UNINITIALIZED_AUTOS = YES_AGGRESSIVE;
				GCC_WARN_UNUSED_FUNCTION = YES;
				GCC_WARN_UNUSED_VARIABLE = YES;
				IPHONEOS_DEPLOYMENT_TARGET = 16.1;
				MTL_ENABLE_DEBUG_INFO = NO;
				MTL_FAST_MATH = YES;
				SDKROOT = iphoneos;
				SWIFT_COMPILATION_MODE = wholemodule;
				SWIFT_OPTIMIZATION_LEVEL = "-O";
				VALIDATE_PRODUCT = YES;
			};
			name = Release;
		};
		FABB4BCE28B124420070F300 /* Debug */ = {
			isa = XCBuildConfiguration;
			buildSettings = {
				ASSETCATALOG_COMPILER_APPICON_NAME = AppIcon;
				ASSETCATALOG_COMPILER_GLOBAL_ACCENT_COLOR_NAME = AccentColor;
				CODE_SIGN_ENTITLEMENTS = Saver/Saver.entitlements;
				CODE_SIGN_STYLE = Automatic;
				CURRENT_PROJECT_VERSION = 1;
				DEVELOPMENT_ASSET_PATHS = "\"Saver/Preview Content\"";
				DEVELOPMENT_TEAM = R53Z54YJ8K;
				ENABLE_PREVIEWS = YES;
				GENERATE_INFOPLIST_FILE = YES;
				INFOPLIST_FILE = Saver/Info.plist;
				INFOPLIST_KEY_UIApplicationSceneManifest_Generation = YES;
				INFOPLIST_KEY_UIApplicationSupportsIndirectInputEvents = YES;
				INFOPLIST_KEY_UILaunchScreen_Generation = YES;
				INFOPLIST_KEY_UISupportedInterfaceOrientations_iPad = "UIInterfaceOrientationPortrait UIInterfaceOrientationPortraitUpsideDown UIInterfaceOrientationLandscapeLeft UIInterfaceOrientationLandscapeRight";
				INFOPLIST_KEY_UISupportedInterfaceOrientations_iPhone = "UIInterfaceOrientationPortrait UIInterfaceOrientationLandscapeLeft UIInterfaceOrientationLandscapeRight";
				INFOPLIST_KEY_UIUserInterfaceStyle = Light;
				IPHONEOS_DEPLOYMENT_TARGET = 15.5;
				LD_RUNPATH_SEARCH_PATHS = (
					"$(inherited)",
					"@executable_path/Frameworks",
				);
				MARKETING_VERSION = 1.0;
				PRODUCT_BUNDLE_IDENTIFIER = com.olehdovhan.app.Saver;
				PRODUCT_NAME = "$(TARGET_NAME)";
				SWIFT_EMIT_LOC_STRINGS = YES;
				SWIFT_VERSION = 5.0;
				TARGETED_DEVICE_FAMILY = 1;
			};
			name = Debug;
		};
		FABB4BCF28B124420070F300 /* Release */ = {
			isa = XCBuildConfiguration;
			buildSettings = {
				ASSETCATALOG_COMPILER_APPICON_NAME = AppIcon;
				ASSETCATALOG_COMPILER_GLOBAL_ACCENT_COLOR_NAME = AccentColor;
				CODE_SIGN_ENTITLEMENTS = Saver/Saver.entitlements;
				CODE_SIGN_STYLE = Automatic;
				CURRENT_PROJECT_VERSION = 1;
				DEVELOPMENT_ASSET_PATHS = "\"Saver/Preview Content\"";
				DEVELOPMENT_TEAM = R53Z54YJ8K;
				ENABLE_PREVIEWS = YES;
				GENERATE_INFOPLIST_FILE = YES;
				INFOPLIST_FILE = Saver/Info.plist;
				INFOPLIST_KEY_UIApplicationSceneManifest_Generation = YES;
				INFOPLIST_KEY_UIApplicationSupportsIndirectInputEvents = YES;
				INFOPLIST_KEY_UILaunchScreen_Generation = YES;
				INFOPLIST_KEY_UISupportedInterfaceOrientations_iPad = "UIInterfaceOrientationPortrait UIInterfaceOrientationPortraitUpsideDown UIInterfaceOrientationLandscapeLeft UIInterfaceOrientationLandscapeRight";
				INFOPLIST_KEY_UISupportedInterfaceOrientations_iPhone = "UIInterfaceOrientationPortrait UIInterfaceOrientationLandscapeLeft UIInterfaceOrientationLandscapeRight";
				INFOPLIST_KEY_UIUserInterfaceStyle = Light;
				IPHONEOS_DEPLOYMENT_TARGET = 15.5;
				LD_RUNPATH_SEARCH_PATHS = (
					"$(inherited)",
					"@executable_path/Frameworks",
				);
				MARKETING_VERSION = 1.0;
				PRODUCT_BUNDLE_IDENTIFIER = com.olehdovhan.app.Saver;
				PRODUCT_NAME = "$(TARGET_NAME)";
				SWIFT_EMIT_LOC_STRINGS = YES;
				SWIFT_VERSION = 5.0;
				TARGETED_DEVICE_FAMILY = 1;
			};
			name = Release;
		};
/* End XCBuildConfiguration section */

/* Begin XCConfigurationList section */
		FABB4BB528B124410070F300 /* Build configuration list for PBXProject "Saver" */ = {
			isa = XCConfigurationList;
			buildConfigurations = (
				FABB4BCB28B124420070F300 /* Debug */,
				FABB4BCC28B124420070F300 /* Release */,
			);
			defaultConfigurationIsVisible = 0;
			defaultConfigurationName = Release;
		};
		FABB4BCD28B124420070F300 /* Build configuration list for PBXNativeTarget "Saver" */ = {
			isa = XCConfigurationList;
			buildConfigurations = (
				FABB4BCE28B124420070F300 /* Debug */,
				FABB4BCF28B124420070F300 /* Release */,
			);
			defaultConfigurationIsVisible = 0;
			defaultConfigurationName = Release;
		};
/* End XCConfigurationList section */

/* Begin XCRemoteSwiftPackageReference section */
		0C44A0F829910A020068DB27 /* XCRemoteSwiftPackageReference "GoogleSignIn-iOS" */ = {
			isa = XCRemoteSwiftPackageReference;
			repositoryURL = "https://github.com/google/GoogleSignIn-iOS";
			requirement = {
				branch = main;
				kind = branch;
			};
		};
		0CC4DC3F297BD6BB008D38EE /* XCRemoteSwiftPackageReference "firebase-ios-sdk" */ = {
			isa = XCRemoteSwiftPackageReference;
			repositoryURL = "https://github.com/firebase/firebase-ios-sdk";
			requirement = {
				kind = upToNextMajorVersion;
				minimumVersion = 9.0.0;
			};
		};
		FCD4A4A3299C58830023BD55 /* XCRemoteSwiftPackageReference "TOCropViewController" */ = {
			isa = XCRemoteSwiftPackageReference;
			repositoryURL = "https://github.com/TimOliver/TOCropViewController.git";
			requirement = {
				kind = upToNextMajorVersion;
				minimumVersion = 2.0.0;
			};
		};
/* End XCRemoteSwiftPackageReference section */

/* Begin XCSwiftPackageProductDependency section */
		0C44A0F929910A020068DB27 /* GoogleSignIn */ = {
			isa = XCSwiftPackageProductDependency;
			package = 0C44A0F829910A020068DB27 /* XCRemoteSwiftPackageReference "GoogleSignIn-iOS" */;
			productName = GoogleSignIn;
		};
		0C44A0FB29910A020068DB27 /* GoogleSignInSwift */ = {
			isa = XCSwiftPackageProductDependency;
			package = 0C44A0F829910A020068DB27 /* XCRemoteSwiftPackageReference "GoogleSignIn-iOS" */;
			productName = GoogleSignInSwift;
		};
		0CC4DC40297BD6BB008D38EE /* FirebaseAnalytics */ = {
			isa = XCSwiftPackageProductDependency;
			package = 0CC4DC3F297BD6BB008D38EE /* XCRemoteSwiftPackageReference "firebase-ios-sdk" */;
			productName = FirebaseAnalytics;
		};
		0CC4DC42297BD6BB008D38EE /* FirebaseAnalyticsSwift */ = {
			isa = XCSwiftPackageProductDependency;
			package = 0CC4DC3F297BD6BB008D38EE /* XCRemoteSwiftPackageReference "firebase-ios-sdk" */;
			productName = FirebaseAnalyticsSwift;
		};
		0CC4DC44297BD6BB008D38EE /* FirebaseAuth */ = {
			isa = XCSwiftPackageProductDependency;
			package = 0CC4DC3F297BD6BB008D38EE /* XCRemoteSwiftPackageReference "firebase-ios-sdk" */;
			productName = FirebaseAuth;
		};
		0CC4DC46297BD6BB008D38EE /* FirebaseDatabase */ = {
			isa = XCSwiftPackageProductDependency;
			package = 0CC4DC3F297BD6BB008D38EE /* XCRemoteSwiftPackageReference "firebase-ios-sdk" */;
			productName = FirebaseDatabase;
		};
		0CC4DC48297BD6BB008D38EE /* FirebaseDatabaseSwift */ = {
			isa = XCSwiftPackageProductDependency;
			package = 0CC4DC3F297BD6BB008D38EE /* XCRemoteSwiftPackageReference "firebase-ios-sdk" */;
			productName = FirebaseDatabaseSwift;
		};
		0CC4DC4A297BD6BB008D38EE /* FirebaseFirestore */ = {
			isa = XCSwiftPackageProductDependency;
			package = 0CC4DC3F297BD6BB008D38EE /* XCRemoteSwiftPackageReference "firebase-ios-sdk" */;
			productName = FirebaseFirestore;
		};
		0CC4DC4C297BD6BB008D38EE /* FirebaseFirestoreSwift */ = {
			isa = XCSwiftPackageProductDependency;
			package = 0CC4DC3F297BD6BB008D38EE /* XCRemoteSwiftPackageReference "firebase-ios-sdk" */;
			productName = FirebaseFirestoreSwift;
		};
		0CC4DC4E297BD6BB008D38EE /* FirebaseStorage */ = {
			isa = XCSwiftPackageProductDependency;
			package = 0CC4DC3F297BD6BB008D38EE /* XCRemoteSwiftPackageReference "firebase-ios-sdk" */;
			productName = FirebaseStorage;
		};
		FCD4A4A4299C58830023BD55 /* CropViewController */ = {
			isa = XCSwiftPackageProductDependency;
			package = FCD4A4A3299C58830023BD55 /* XCRemoteSwiftPackageReference "TOCropViewController" */;
			productName = CropViewController;
		};
/* End XCSwiftPackageProductDependency section */

/* Begin XCVersionGroup section */
		FABB4BC828B124420070F300 /* Saver.xcdatamodeld */ = {
			isa = XCVersionGroup;
			children = (
				FABB4BC928B124420070F300 /* Saver.xcdatamodel */,
			);
			currentVersion = FABB4BC928B124420070F300 /* Saver.xcdatamodel */;
			path = Saver.xcdatamodeld;
			sourceTree = "<group>";
			versionGroupType = wrapper.xcdatamodel;
		};
/* End XCVersionGroup section */
	};
	rootObject = FABB4BB228B124410070F300 /* Project object */;
}
