// !$*UTF8*$!
{
	archiveVersion = 1;
	classes = {
	};
	objectVersion = 55;
	objects = {

/* Begin PBXBuildFile section */
		B41618B428B1361C002629F7 /* Mainscrin2.swift in Sources */ = {isa = PBXBuildFile; fileRef = B41618B328B1361C002629F7 /* Mainscrin2.swift */; };
		B41618B628B1379A002629F7 /* IncomeAndExpenses.swift in Sources */ = {isa = PBXBuildFile; fileRef = B41618B528B1379A002629F7 /* IncomeAndExpenses.swift */; };
		B41618B828B1380C002629F7 /* Calendar.swift in Sources */ = {isa = PBXBuildFile; fileRef = B41618B728B1380C002629F7 /* Calendar.swift */; };
		B41618BA28B13962002629F7 /* SavingsAndGoals.swift in Sources */ = {isa = PBXBuildFile; fileRef = B41618B928B13962002629F7 /* SavingsAndGoals.swift */; };
		B41618BC28B139A6002629F7 /* Menu.swift in Sources */ = {isa = PBXBuildFile; fileRef = B41618BB28B139A6002629F7 /* Menu.swift */; };
		B458555728B1AB660047C81E /* CustomTabView.swift in Sources */ = {isa = PBXBuildFile; fileRef = B458555628B1AB660047C81E /* CustomTabView.swift */; };
		B4A9AA9628B26114001230BF /* ExtensionColor.swift in Sources */ = {isa = PBXBuildFile; fileRef = B4A9AA9528B26114001230BF /* ExtensionColor.swift */; };
		B4A9AA9928B269D1001230BF /* Modifiers.swift in Sources */ = {isa = PBXBuildFile; fileRef = B4A9AA9828B269D1001230BF /* Modifiers.swift */; };
		B4A9AA9B28B2708C001230BF /* BalanceView.swift in Sources */ = {isa = PBXBuildFile; fileRef = B4A9AA9A28B2708C001230BF /* BalanceView.swift */; };
		B4A9AA9D28B2770A001230BF /* CardsPlace.swift in Sources */ = {isa = PBXBuildFile; fileRef = B4A9AA9C28B2770A001230BF /* CardsPlace.swift */; };
		B4A9AA9F28B27878001230BF /* StatisticsPlace.swift in Sources */ = {isa = PBXBuildFile; fileRef = B4A9AA9E28B27878001230BF /* StatisticsPlace.swift */; };
		B4A9AAA228B27EAB001230BF /* CoastsPlace.swift in Sources */ = {isa = PBXBuildFile; fileRef = B4A9AAA128B27EAB001230BF /* CoastsPlace.swift */; };
		FAB594E328BB3F1A002D3916 /* Test.swift in Sources */ = {isa = PBXBuildFile; fileRef = FAB594E228BB3F1A002D3916 /* Test.swift */; };
		FABB4BBE28B124410070F300 /* SaverApp.swift in Sources */ = {isa = PBXBuildFile; fileRef = FABB4BBD28B124410070F300 /* SaverApp.swift */; };
		FABB4BC028B124410070F300 /* ContentView.swift in Sources */ = {isa = PBXBuildFile; fileRef = FABB4BBF28B124410070F300 /* ContentView.swift */; };
		FABB4BC228B124420070F300 /* Assets.xcassets in Resources */ = {isa = PBXBuildFile; fileRef = FABB4BC128B124420070F300 /* Assets.xcassets */; };
		FABB4BC528B124420070F300 /* Preview Assets.xcassets in Resources */ = {isa = PBXBuildFile; fileRef = FABB4BC428B124420070F300 /* Preview Assets.xcassets */; };
		FABB4BC728B124420070F300 /* Persistence.swift in Sources */ = {isa = PBXBuildFile; fileRef = FABB4BC628B124420070F300 /* Persistence.swift */; };
		FABB4BCA28B124420070F300 /* Saver.xcdatamodeld in Sources */ = {isa = PBXBuildFile; fileRef = FABB4BC828B124420070F300 /* Saver.xcdatamodeld */; };
/* End PBXBuildFile section */

/* Begin PBXFileReference section */
		B41618B328B1361C002629F7 /* Mainscrin2.swift */ = {isa = PBXFileReference; lastKnownFileType = sourcecode.swift; path = Mainscrin2.swift; sourceTree = "<group>"; };
		B41618B528B1379A002629F7 /* IncomeAndExpenses.swift */ = {isa = PBXFileReference; lastKnownFileType = sourcecode.swift; path = IncomeAndExpenses.swift; sourceTree = "<group>"; };
		B41618B728B1380C002629F7 /* Calendar.swift */ = {isa = PBXFileReference; lastKnownFileType = sourcecode.swift; path = Calendar.swift; sourceTree = "<group>"; };
		B41618B928B13962002629F7 /* SavingsAndGoals.swift */ = {isa = PBXFileReference; lastKnownFileType = sourcecode.swift; path = SavingsAndGoals.swift; sourceTree = "<group>"; };
		B41618BB28B139A6002629F7 /* Menu.swift */ = {isa = PBXFileReference; lastKnownFileType = sourcecode.swift; path = Menu.swift; sourceTree = "<group>"; };
		B458555628B1AB660047C81E /* CustomTabView.swift */ = {isa = PBXFileReference; lastKnownFileType = sourcecode.swift; path = CustomTabView.swift; sourceTree = "<group>"; };
		B4A9AA9528B26114001230BF /* ExtensionColor.swift */ = {isa = PBXFileReference; lastKnownFileType = sourcecode.swift; path = ExtensionColor.swift; sourceTree = "<group>"; };
		B4A9AA9828B269D1001230BF /* Modifiers.swift */ = {isa = PBXFileReference; lastKnownFileType = sourcecode.swift; path = Modifiers.swift; sourceTree = "<group>"; };
		B4A9AA9A28B2708C001230BF /* BalanceView.swift */ = {isa = PBXFileReference; lastKnownFileType = sourcecode.swift; path = BalanceView.swift; sourceTree = "<group>"; };
		B4A9AA9C28B2770A001230BF /* CardsPlace.swift */ = {isa = PBXFileReference; lastKnownFileType = sourcecode.swift; path = CardsPlace.swift; sourceTree = "<group>"; };
		B4A9AA9E28B27878001230BF /* StatisticsPlace.swift */ = {isa = PBXFileReference; lastKnownFileType = sourcecode.swift; path = StatisticsPlace.swift; sourceTree = "<group>"; };
		B4A9AAA128B27EAB001230BF /* CoastsPlace.swift */ = {isa = PBXFileReference; lastKnownFileType = sourcecode.swift; path = CoastsPlace.swift; sourceTree = "<group>"; };
		FAB594E228BB3F1A002D3916 /* Test.swift */ = {isa = PBXFileReference; lastKnownFileType = sourcecode.swift; path = Test.swift; sourceTree = "<group>"; };
		FABB4BBA28B124410070F300 /* Saver.app */ = {isa = PBXFileReference; explicitFileType = wrapper.application; includeInIndex = 0; path = Saver.app; sourceTree = BUILT_PRODUCTS_DIR; };
		FABB4BBD28B124410070F300 /* SaverApp.swift */ = {isa = PBXFileReference; lastKnownFileType = sourcecode.swift; path = SaverApp.swift; sourceTree = "<group>"; };
		FABB4BBF28B124410070F300 /* ContentView.swift */ = {isa = PBXFileReference; lastKnownFileType = sourcecode.swift; path = ContentView.swift; sourceTree = "<group>"; };
		FABB4BC128B124420070F300 /* Assets.xcassets */ = {isa = PBXFileReference; lastKnownFileType = folder.assetcatalog; path = Assets.xcassets; sourceTree = "<group>"; };
		FABB4BC428B124420070F300 /* Preview Assets.xcassets */ = {isa = PBXFileReference; lastKnownFileType = folder.assetcatalog; path = "Preview Assets.xcassets"; sourceTree = "<group>"; };
		FABB4BC628B124420070F300 /* Persistence.swift */ = {isa = PBXFileReference; lastKnownFileType = sourcecode.swift; path = Persistence.swift; sourceTree = "<group>"; };
		FABB4BC928B124420070F300 /* Saver.xcdatamodel */ = {isa = PBXFileReference; lastKnownFileType = wrapper.xcdatamodel; path = Saver.xcdatamodel; sourceTree = "<group>"; };
/* End PBXFileReference section */

/* Begin PBXFrameworksBuildPhase section */
		FABB4BB728B124410070F300 /* Frameworks */ = {
			isa = PBXFrameworksBuildPhase;
			buildActionMask = 2147483647;
			files = (
			);
			runOnlyForDeploymentPostprocessing = 0;
		};
/* End PBXFrameworksBuildPhase section */

/* Begin PBXGroup section */
		B41618B228B135CE002629F7 /* tabView */ = {
			isa = PBXGroup;
			children = (
				B41618B328B1361C002629F7 /* Mainscrin2.swift */,
				B4A9AAA028B27E37001230BF /* Components */,
				B41618B528B1379A002629F7 /* IncomeAndExpenses.swift */,
				B41618B728B1380C002629F7 /* Calendar.swift */,
				B41618B928B13962002629F7 /* SavingsAndGoals.swift */,
				B41618BB28B139A6002629F7 /* Menu.swift */,
			);
			path = tabView;
			sourceTree = "<group>";
		};
		B458555828B1AB7F0047C81E /* CustomView */ = {
			isa = PBXGroup;
			children = (
				B458555628B1AB660047C81E /* CustomTabView.swift */,
			);
			path = CustomView;
			sourceTree = "<group>";
		};
		B4A9AAA028B27E37001230BF /* Components */ = {
			isa = PBXGroup;
			children = (
				B4A9AA9A28B2708C001230BF /* BalanceView.swift */,
				B4A9AA9C28B2770A001230BF /* CardsPlace.swift */,
				B4A9AA9E28B27878001230BF /* StatisticsPlace.swift */,
				B4A9AAA128B27EAB001230BF /* CoastsPlace.swift */,
			);
			path = Components;
			sourceTree = "<group>";
		};
		FAB594E428BB3F50002D3916 /* Views */ = {
			isa = PBXGroup;
			children = (
				FABB4BBF28B124410070F300 /* ContentView.swift */,
				FAB594E228BB3F1A002D3916 /* Test.swift */,
				B41618B228B135CE002629F7 /* tabView */,
				B458555828B1AB7F0047C81E /* CustomView */,
			);
			path = Views;
			sourceTree = "<group>";
		};
		FAB594E528BB3F61002D3916 /* Resources  */ = {
			isa = PBXGroup;
			children = (
				FABB4BC628B124420070F300 /* Persistence.swift */,
				B4A9AA9528B26114001230BF /* ExtensionColor.swift */,
				B4A9AA9828B269D1001230BF /* Modifiers.swift */,
			);
			path = "Resources ";
			sourceTree = "<group>";
		};
		FABB4BB128B124410070F300 = {
			isa = PBXGroup;
			children = (
				FABB4BBC28B124410070F300 /* Saver */,
				FABB4BBB28B124410070F300 /* Products */,
			);
			sourceTree = "<group>";
		};
		FABB4BBB28B124410070F300 /* Products */ = {
			isa = PBXGroup;
			children = (
				FABB4BBA28B124410070F300 /* Saver.app */,
			);
			name = Products;
			sourceTree = "<group>";
		};
		FABB4BBC28B124410070F300 /* Saver */ = {
			isa = PBXGroup;
			children = (
				FABB4BBD28B124410070F300 /* SaverApp.swift */,
				FAB594E428BB3F50002D3916 /* Views */,
				FAB594E528BB3F61002D3916 /* Resources  */,
				FABB4BC128B124420070F300 /* Assets.xcassets */,
				FABB4BC828B124420070F300 /* Saver.xcdatamodeld */,
				FABB4BC328B124420070F300 /* Preview Content */,
			);
			path = Saver;
			sourceTree = "<group>";
		};
		FABB4BC328B124420070F300 /* Preview Content */ = {
			isa = PBXGroup;
			children = (
				FABB4BC428B124420070F300 /* Preview Assets.xcassets */,
			);
			path = "Preview Content";
			sourceTree = "<group>";
		};
/* End PBXGroup section */

/* Begin PBXNativeTarget section */
		FABB4BB928B124410070F300 /* Saver */ = {
			isa = PBXNativeTarget;
			buildConfigurationList = FABB4BCD28B124420070F300 /* Build configuration list for PBXNativeTarget "Saver" */;
			buildPhases = (
				FABB4BB628B124410070F300 /* Sources */,
				FABB4BB728B124410070F300 /* Frameworks */,
				FABB4BB828B124410070F300 /* Resources */,
			);
			buildRules = (
			);
			dependencies = (
			);
			name = Saver;
			productName = Saver;
			productReference = FABB4BBA28B124410070F300 /* Saver.app */;
			productType = "com.apple.product-type.application";
		};
/* End PBXNativeTarget section */

/* Begin PBXProject section */
		FABB4BB228B124410070F300 /* Project object */ = {
			isa = PBXProject;
			attributes = {
				BuildIndependentTargetsInParallel = 1;
				LastSwiftUpdateCheck = 1340;
				LastUpgradeCheck = 1340;
				TargetAttributes = {
					FABB4BB928B124410070F300 = {
						CreatedOnToolsVersion = 13.4.1;
					};
				};
			};
			buildConfigurationList = FABB4BB528B124410070F300 /* Build configuration list for PBXProject "Saver" */;
			compatibilityVersion = "Xcode 13.0";
			developmentRegion = en;
			hasScannedForEncodings = 0;
			knownRegions = (
				en,
				Base,
			);
			mainGroup = FABB4BB128B124410070F300;
			productRefGroup = FABB4BBB28B124410070F300 /* Products */;
			projectDirPath = "";
			projectRoot = "";
			targets = (
				FABB4BB928B124410070F300 /* Saver */,
			);
		};
/* End PBXProject section */

/* Begin PBXResourcesBuildPhase section */
		FABB4BB828B124410070F300 /* Resources */ = {
			isa = PBXResourcesBuildPhase;
			buildActionMask = 2147483647;
			files = (
				FABB4BC528B124420070F300 /* Preview Assets.xcassets in Resources */,
				FABB4BC228B124420070F300 /* Assets.xcassets in Resources */,
			);
			runOnlyForDeploymentPostprocessing = 0;
		};
/* End PBXResourcesBuildPhase section */

/* Begin PBXSourcesBuildPhase section */
		FABB4BB628B124410070F300 /* Sources */ = {
			isa = PBXSourcesBuildPhase;
			buildActionMask = 2147483647;
			files = (
				B4A9AAA228B27EAB001230BF /* CoastsPlace.swift in Sources */,
				B41618BC28B139A6002629F7 /* Menu.swift in Sources */,
				B4A9AA9D28B2770A001230BF /* CardsPlace.swift in Sources */,
				FABB4BC728B124420070F300 /* Persistence.swift in Sources */,
				FAB594E328BB3F1A002D3916 /* Test.swift in Sources */,
				B4A9AA9928B269D1001230BF /* Modifiers.swift in Sources */,
				FABB4BC028B124410070F300 /* ContentView.swift in Sources */,
				B4A9AA9628B26114001230BF /* ExtensionColor.swift in Sources */,
				FABB4BBE28B124410070F300 /* SaverApp.swift in Sources */,
				B41618BA28B13962002629F7 /* SavingsAndGoals.swift in Sources */,
				B41618B628B1379A002629F7 /* IncomeAndExpenses.swift in Sources */,
				B41618B828B1380C002629F7 /* Calendar.swift in Sources */,
				B458555728B1AB660047C81E /* CustomTabView.swift in Sources */,
				B4A9AA9F28B27878001230BF /* StatisticsPlace.swift in Sources */,
				FABB4BCA28B124420070F300 /* Saver.xcdatamodeld in Sources */,
				B41618B428B1361C002629F7 /* Mainscrin2.swift in Sources */,
				B4A9AA9B28B2708C001230BF /* BalanceView.swift in Sources */,
			);
			runOnlyForDeploymentPostprocessing = 0;
		};
/* End PBXSourcesBuildPhase section */

/* Begin XCBuildConfiguration section */
		FABB4BCB28B124420070F300 /* Debug */ = {
			isa = XCBuildConfiguration;
			buildSettings = {
				ALWAYS_SEARCH_USER_PATHS = NO;
				CLANG_ANALYZER_NONNULL = YES;
				CLANG_ANALYZER_NUMBER_OBJECT_CONVERSION = YES_AGGRESSIVE;
				CLANG_CXX_LANGUAGE_STANDARD = "gnu++17";
				CLANG_ENABLE_MODULES = YES;
				CLANG_ENABLE_OBJC_ARC = YES;
				CLANG_ENABLE_OBJC_WEAK = YES;
				CLANG_WARN_BLOCK_CAPTURE_AUTORELEASING = YES;
				CLANG_WARN_BOOL_CONVERSION = YES;
				CLANG_WARN_COMMA = YES;
				CLANG_WARN_CONSTANT_CONVERSION = YES;
				CLANG_WARN_DEPRECATED_OBJC_IMPLEMENTATIONS = YES;
				CLANG_WARN_DIRECT_OBJC_ISA_USAGE = YES_ERROR;
				CLANG_WARN_DOCUMENTATION_COMMENTS = YES;
				CLANG_WARN_EMPTY_BODY = YES;
				CLANG_WARN_ENUM_CONVERSION = YES;
				CLANG_WARN_INFINITE_RECURSION = YES;
				CLANG_WARN_INT_CONVERSION = YES;
				CLANG_WARN_NON_LITERAL_NULL_CONVERSION = YES;
				CLANG_WARN_OBJC_IMPLICIT_RETAIN_SELF = YES;
				CLANG_WARN_OBJC_LITERAL_CONVERSION = YES;
				CLANG_WARN_OBJC_ROOT_CLASS = YES_ERROR;
				CLANG_WARN_QUOTED_INCLUDE_IN_FRAMEWORK_HEADER = YES;
				CLANG_WARN_RANGE_LOOP_ANALYSIS = YES;
				CLANG_WARN_STRICT_PROTOTYPES = YES;
				CLANG_WARN_SUSPICIOUS_MOVE = YES;
				CLANG_WARN_UNGUARDED_AVAILABILITY = YES_AGGRESSIVE;
				CLANG_WARN_UNREACHABLE_CODE = YES;
				CLANG_WARN__DUPLICATE_METHOD_MATCH = YES;
				COPY_PHASE_STRIP = NO;
				DEBUG_INFORMATION_FORMAT = dwarf;
				ENABLE_STRICT_OBJC_MSGSEND = YES;
				ENABLE_TESTABILITY = YES;
				GCC_C_LANGUAGE_STANDARD = gnu11;
				GCC_DYNAMIC_NO_PIC = NO;
				GCC_NO_COMMON_BLOCKS = YES;
				GCC_OPTIMIZATION_LEVEL = 0;
				GCC_PREPROCESSOR_DEFINITIONS = (
					"DEBUG=1",
					"$(inherited)",
				);
				GCC_WARN_64_TO_32_BIT_CONVERSION = YES;
				GCC_WARN_ABOUT_RETURN_TYPE = YES_ERROR;
				GCC_WARN_UNDECLARED_SELECTOR = YES;
				GCC_WARN_UNINITIALIZED_AUTOS = YES_AGGRESSIVE;
				GCC_WARN_UNUSED_FUNCTION = YES;
				GCC_WARN_UNUSED_VARIABLE = YES;
				IPHONEOS_DEPLOYMENT_TARGET = 15.2;
				MTL_ENABLE_DEBUG_INFO = INCLUDE_SOURCE;
				MTL_FAST_MATH = YES;
				ONLY_ACTIVE_ARCH = YES;
				SDKROOT = iphoneos;
				SWIFT_ACTIVE_COMPILATION_CONDITIONS = DEBUG;
				SWIFT_OPTIMIZATION_LEVEL = "-Onone";
			};
			name = Debug;
		};
		FABB4BCC28B124420070F300 /* Release */ = {
			isa = XCBuildConfiguration;
			buildSettings = {
				ALWAYS_SEARCH_USER_PATHS = NO;
				CLANG_ANALYZER_NONNULL = YES;
				CLANG_ANALYZER_NUMBER_OBJECT_CONVERSION = YES_AGGRESSIVE;
				CLANG_CXX_LANGUAGE_STANDARD = "gnu++17";
				CLANG_ENABLE_MODULES = YES;
				CLANG_ENABLE_OBJC_ARC = YES;
				CLANG_ENABLE_OBJC_WEAK = YES;
				CLANG_WARN_BLOCK_CAPTURE_AUTORELEASING = YES;
				CLANG_WARN_BOOL_CONVERSION = YES;
				CLANG_WARN_COMMA = YES;
				CLANG_WARN_CONSTANT_CONVERSION = YES;
				CLANG_WARN_DEPRECATED_OBJC_IMPLEMENTATIONS = YES;
				CLANG_WARN_DIRECT_OBJC_ISA_USAGE = YES_ERROR;
				CLANG_WARN_DOCUMENTATION_COMMENTS = YES;
				CLANG_WARN_EMPTY_BODY = YES;
				CLANG_WARN_ENUM_CONVERSION = YES;
				CLANG_WARN_INFINITE_RECURSION = YES;
				CLANG_WARN_INT_CONVERSION = YES;
				CLANG_WARN_NON_LITERAL_NULL_CONVERSION = YES;
				CLANG_WARN_OBJC_IMPLICIT_RETAIN_SELF = YES;
				CLANG_WARN_OBJC_LITERAL_CONVERSION = YES;
				CLANG_WARN_OBJC_ROOT_CLASS = YES_ERROR;
				CLANG_WARN_QUOTED_INCLUDE_IN_FRAMEWORK_HEADER = YES;
				CLANG_WARN_RANGE_LOOP_ANALYSIS = YES;
				CLANG_WARN_STRICT_PROTOTYPES = YES;
				CLANG_WARN_SUSPICIOUS_MOVE = YES;
				CLANG_WARN_UNGUARDED_AVAILABILITY = YES_AGGRESSIVE;
				CLANG_WARN_UNREACHABLE_CODE = YES;
				CLANG_WARN__DUPLICATE_METHOD_MATCH = YES;
				COPY_PHASE_STRIP = NO;
				DEBUG_INFORMATION_FORMAT = "dwarf-with-dsym";
				ENABLE_NS_ASSERTIONS = NO;
				ENABLE_STRICT_OBJC_MSGSEND = YES;
				GCC_C_LANGUAGE_STANDARD = gnu11;
				GCC_NO_COMMON_BLOCKS = YES;
				GCC_WARN_64_TO_32_BIT_CONVERSION = YES;
				GCC_WARN_ABOUT_RETURN_TYPE = YES_ERROR;
				GCC_WARN_UNDECLARED_SELECTOR = YES;
				GCC_WARN_UNINITIALIZED_AUTOS = YES_AGGRESSIVE;
				GCC_WARN_UNUSED_FUNCTION = YES;
				GCC_WARN_UNUSED_VARIABLE = YES;
				IPHONEOS_DEPLOYMENT_TARGET = 15.2;
				MTL_ENABLE_DEBUG_INFO = NO;
				MTL_FAST_MATH = YES;
				SDKROOT = iphoneos;
				SWIFT_COMPILATION_MODE = wholemodule;
				SWIFT_OPTIMIZATION_LEVEL = "-O";
				VALIDATE_PRODUCT = YES;
			};
			name = Release;
		};
		FABB4BCE28B124420070F300 /* Debug */ = {
			isa = XCBuildConfiguration;
			buildSettings = {
				ASSETCATALOG_COMPILER_APPICON_NAME = AppIcon;
				ASSETCATALOG_COMPILER_GLOBAL_ACCENT_COLOR_NAME = AccentColor;
				CODE_SIGN_STYLE = Automatic;
				CURRENT_PROJECT_VERSION = 1;
				DEVELOPMENT_ASSET_PATHS = "\"Saver/Preview Content\"";
				DEVELOPMENT_TEAM = R53Z54YJ8K;
				ENABLE_PREVIEWS = YES;
				GENERATE_INFOPLIST_FILE = YES;
				INFOPLIST_KEY_UIApplicationSceneManifest_Generation = YES;
				INFOPLIST_KEY_UIApplicationSupportsIndirectInputEvents = YES;
				INFOPLIST_KEY_UILaunchScreen_Generation = YES;
				INFOPLIST_KEY_UISupportedInterfaceOrientations_iPad = "UIInterfaceOrientationPortrait UIInterfaceOrientationPortraitUpsideDown UIInterfaceOrientationLandscapeLeft UIInterfaceOrientationLandscapeRight";
				INFOPLIST_KEY_UISupportedInterfaceOrientations_iPhone = "UIInterfaceOrientationPortrait UIInterfaceOrientationLandscapeLeft UIInterfaceOrientationLandscapeRight";
				LD_RUNPATH_SEARCH_PATHS = (
					"$(inherited)",
					"@executable_path/Frameworks",
				);
				MARKETING_VERSION = 1.0;
				PRODUCT_BUNDLE_IDENTIFIER = com.olehdovhan.app.Saver;
				PRODUCT_NAME = "$(TARGET_NAME)";
				SWIFT_EMIT_LOC_STRINGS = YES;
				SWIFT_VERSION = 5.0;
				TARGETED_DEVICE_FAMILY = 1;
			};
			name = Debug;
		};
		FABB4BCF28B124420070F300 /* Release */ = {
			isa = XCBuildConfiguration;
			buildSettings = {
				ASSETCATALOG_COMPILER_APPICON_NAME = AppIcon;
				ASSETCATALOG_COMPILER_GLOBAL_ACCENT_COLOR_NAME = AccentColor;
				CODE_SIGN_STYLE = Automatic;
				CURRENT_PROJECT_VERSION = 1;
				DEVELOPMENT_ASSET_PATHS = "\"Saver/Preview Content\"";
				DEVELOPMENT_TEAM = R53Z54YJ8K;
				ENABLE_PREVIEWS = YES;
				GENERATE_INFOPLIST_FILE = YES;
				INFOPLIST_KEY_UIApplicationSceneManifest_Generation = YES;
				INFOPLIST_KEY_UIApplicationSupportsIndirectInputEvents = YES;
				INFOPLIST_KEY_UILaunchScreen_Generation = YES;
				INFOPLIST_KEY_UISupportedInterfaceOrientations_iPad = "UIInterfaceOrientationPortrait UIInterfaceOrientationPortraitUpsideDown UIInterfaceOrientationLandscapeLeft UIInterfaceOrientationLandscapeRight";
				INFOPLIST_KEY_UISupportedInterfaceOrientations_iPhone = "UIInterfaceOrientationPortrait UIInterfaceOrientationLandscapeLeft UIInterfaceOrientationLandscapeRight";
				LD_RUNPATH_SEARCH_PATHS = (
					"$(inherited)",
					"@executable_path/Frameworks",
				);
				MARKETING_VERSION = 1.0;
				PRODUCT_BUNDLE_IDENTIFIER = com.olehdovhan.app.Saver;
				PRODUCT_NAME = "$(TARGET_NAME)";
				SWIFT_EMIT_LOC_STRINGS = YES;
				SWIFT_VERSION = 5.0;
				TARGETED_DEVICE_FAMILY = 1;
			};
			name = Release;
		};
/* End XCBuildConfiguration section */

/* Begin XCConfigurationList section */
		FABB4BB528B124410070F300 /* Build configuration list for PBXProject "Saver" */ = {
			isa = XCConfigurationList;
			buildConfigurations = (
				FABB4BCB28B124420070F300 /* Debug */,
				FABB4BCC28B124420070F300 /* Release */,
			);
			defaultConfigurationIsVisible = 0;
			defaultConfigurationName = Release;
		};
		FABB4BCD28B124420070F300 /* Build configuration list for PBXNativeTarget "Saver" */ = {
			isa = XCConfigurationList;
			buildConfigurations = (
				FABB4BCE28B124420070F300 /* Debug */,
				FABB4BCF28B124420070F300 /* Release */,
			);
			defaultConfigurationIsVisible = 0;
			defaultConfigurationName = Release;
		};
/* End XCConfigurationList section */

/* Begin XCVersionGroup section */
		FABB4BC828B124420070F300 /* Saver.xcdatamodeld */ = {
			isa = XCVersionGroup;
			children = (
				FABB4BC928B124420070F300 /* Saver.xcdatamodel */,
			);
			currentVersion = FABB4BC928B124420070F300 /* Saver.xcdatamodel */;
			path = Saver.xcdatamodeld;
			sourceTree = "<group>";
			versionGroupType = wrapper.xcdatamodel;
		};
/* End XCVersionGroup section */
	};
	rootObject = FABB4BB228B124410070F300 /* Project object */;
}
